// !$*UTF8*$!
{
	archiveVersion = 1;
	classes = {
	};
	objectVersion = 56;
	objects = {

/* Begin PBXBuildFile section */
		C23AFE782BC6CE820000EBE5 /* AppDelegate.swift in Sources */ = {isa = PBXBuildFile; fileRef = C23AFE772BC6CE820000EBE5 /* AppDelegate.swift */; };
		C23AFE7A2BC6CE820000EBE5 /* SceneDelegate.swift in Sources */ = {isa = PBXBuildFile; fileRef = C23AFE792BC6CE820000EBE5 /* SceneDelegate.swift */; };
		C23AFE7C2BC6CE820000EBE5 /* ViewController.swift in Sources */ = {isa = PBXBuildFile; fileRef = C23AFE7B2BC6CE820000EBE5 /* ViewController.swift */; };
		C23AFE7F2BC6CE820000EBE5 /* Base in Resources */ = {isa = PBXBuildFile; fileRef = C23AFE7E2BC6CE820000EBE5 /* Base */; };
		C23AFE812BC6CE840000EBE5 /* Assets.xcassets in Resources */ = {isa = PBXBuildFile; fileRef = C23AFE802BC6CE840000EBE5 /* Assets.xcassets */; };
		C23AFE842BC6CE840000EBE5 /* Base in Resources */ = {isa = PBXBuildFile; fileRef = C23AFE832BC6CE840000EBE5 /* Base */; };
		C23AFE8D2BC6CFF70000EBE5 /* Alamofire in Frameworks */ = {isa = PBXBuildFile; productRef = C23AFE8C2BC6CFF70000EBE5 /* Alamofire */; };
		C23AFE902BC6D01C0000EBE5 /* SnapKit in Frameworks */ = {isa = PBXBuildFile; productRef = C23AFE8F2BC6D01C0000EBE5 /* SnapKit */; };
		C23AFE932BC6D03F0000EBE5 /* RxCocoa in Frameworks */ = {isa = PBXBuildFile; productRef = C23AFE922BC6D03F0000EBE5 /* RxCocoa */; };
		C23AFE952BC6D03F0000EBE5 /* RxSwift in Frameworks */ = {isa = PBXBuildFile; productRef = C23AFE942BC6D03F0000EBE5 /* RxSwift */; };
		C23AFEA12BC6D2380000EBE5 /* TargetType.swift in Sources */ = {isa = PBXBuildFile; fileRef = C23AFEA02BC6D2380000EBE5 /* TargetType.swift */; };
		C23AFEA72BC6DBDB0000EBE5 /* .gitignore in Resources */ = {isa = PBXBuildFile; fileRef = C23AFEA62BC6DBDB0000EBE5 /* .gitignore */; };
		C23AFEA92BC6DC2B0000EBE5 /* APIKey.swift in Sources */ = {isa = PBXBuildFile; fileRef = C23AFEA82BC6DC2B0000EBE5 /* APIKey.swift */; };
		C23AFEAB2BC6DD430000EBE5 /* HTTPHeader.swift in Sources */ = {isa = PBXBuildFile; fileRef = C23AFEAA2BC6DD430000EBE5 /* HTTPHeader.swift */; };
		C23AFEB02BC6E1D50000EBE5 /* BaseViewController.swift in Sources */ = {isa = PBXBuildFile; fileRef = C23AFEAF2BC6E1D50000EBE5 /* BaseViewController.swift */; };
		C23AFEB32BC6E2660000EBE5 /* ViewModelType.swift in Sources */ = {isa = PBXBuildFile; fileRef = C23AFEB22BC6E2660000EBE5 /* ViewModelType.swift */; };
		C2DC2BEF2BCD20C100A1D102 /* SignupView.swift in Sources */ = {isa = PBXBuildFile; fileRef = C2DC2BE62BCD20C100A1D102 /* SignupView.swift */; };
		C2DC2BF02BCD20C100A1D102 /* SignupViewController.swift in Sources */ = {isa = PBXBuildFile; fileRef = C2DC2BE72BCD20C100A1D102 /* SignupViewController.swift */; };
		C2DC2BF12BCD20C100A1D102 /* SignupViewModel.swift in Sources */ = {isa = PBXBuildFile; fileRef = C2DC2BE82BCD20C100A1D102 /* SignupViewModel.swift */; };
		C2DC2BF22BCD20C100A1D102 /* WelcomeView.swift in Sources */ = {isa = PBXBuildFile; fileRef = C2DC2BEB2BCD20C100A1D102 /* WelcomeView.swift */; };
		C2DC2BF32BCD20C100A1D102 /* WelcomeViewController.swift in Sources */ = {isa = PBXBuildFile; fileRef = C2DC2BEC2BCD20C100A1D102 /* WelcomeViewController.swift */; };
		C2DC2BF72BCD216400A1D102 /* Router.swift in Sources */ = {isa = PBXBuildFile; fileRef = C2DC2BF62BCD216400A1D102 /* Router.swift */; };
		C2DC2C022BCD217800A1D102 /* LoginRequestBody.swift in Sources */ = {isa = PBXBuildFile; fileRef = C2DC2BF82BCD217800A1D102 /* LoginRequestBody.swift */; };
		C2DC2C032BCD217800A1D102 /* SignupRequestBody.swift in Sources */ = {isa = PBXBuildFile; fileRef = C2DC2BF92BCD217800A1D102 /* SignupRequestBody.swift */; };
		C2DC2C042BCD217800A1D102 /* RequestHeader.swift in Sources */ = {isa = PBXBuildFile; fileRef = C2DC2BFB2BCD217800A1D102 /* RequestHeader.swift */; };
		C2DC2C052BCD217800A1D102 /* JoinResponse.swift in Sources */ = {isa = PBXBuildFile; fileRef = C2DC2BFD2BCD217800A1D102 /* JoinResponse.swift */; };
		C2DC2C062BCD217800A1D102 /* LoginResponse.swift in Sources */ = {isa = PBXBuildFile; fileRef = C2DC2BFE2BCD217800A1D102 /* LoginResponse.swift */; };
		C2DC2C072BCD217800A1D102 /* UsersResponse.swift in Sources */ = {isa = PBXBuildFile; fileRef = C2DC2C002BCD217800A1D102 /* UsersResponse.swift */; };
		C2DC2C092BCD21BC00A1D102 /* BaseView.swift in Sources */ = {isa = PBXBuildFile; fileRef = C2DC2C082BCD21BC00A1D102 /* BaseView.swift */; };
		C2DC2C0C2BCD2A8700A1D102 /* LoginView.swift in Sources */ = {isa = PBXBuildFile; fileRef = C2DC2C0B2BCD2A8700A1D102 /* LoginView.swift */; };
		C2DC2C0E2BCD2DB700A1D102 /* LoginViewController.swift in Sources */ = {isa = PBXBuildFile; fileRef = C2DC2C0D2BCD2DB700A1D102 /* LoginViewController.swift */; };
		C2DC2C102BCD35E100A1D102 /* LoginViewModel.swift in Sources */ = {isa = PBXBuildFile; fileRef = C2DC2C0F2BCD35E100A1D102 /* LoginViewModel.swift */; };
		C2DC2C122BCD53CD00A1D102 /* ValidRequestBody.swift in Sources */ = {isa = PBXBuildFile; fileRef = C2DC2C112BCD53CD00A1D102 /* ValidRequestBody.swift */; };
		C2DC2C142BCD548E00A1D102 /* ValidResponse.swift in Sources */ = {isa = PBXBuildFile; fileRef = C2DC2C132BCD548E00A1D102 /* ValidResponse.swift */; };
/* End PBXBuildFile section */

/* Begin PBXFileReference section */
		C23AFE742BC6CE820000EBE5 /* WaveEcho.app */ = {isa = PBXFileReference; explicitFileType = wrapper.application; includeInIndex = 0; path = WaveEcho.app; sourceTree = BUILT_PRODUCTS_DIR; };
		C23AFE772BC6CE820000EBE5 /* AppDelegate.swift */ = {isa = PBXFileReference; lastKnownFileType = sourcecode.swift; path = AppDelegate.swift; sourceTree = "<group>"; };
		C23AFE792BC6CE820000EBE5 /* SceneDelegate.swift */ = {isa = PBXFileReference; lastKnownFileType = sourcecode.swift; path = SceneDelegate.swift; sourceTree = "<group>"; };
		C23AFE7B2BC6CE820000EBE5 /* ViewController.swift */ = {isa = PBXFileReference; lastKnownFileType = sourcecode.swift; path = ViewController.swift; sourceTree = "<group>"; };
		C23AFE7E2BC6CE820000EBE5 /* Base */ = {isa = PBXFileReference; lastKnownFileType = file.storyboard; name = Base; path = Base.lproj/Main.storyboard; sourceTree = "<group>"; };
		C23AFE802BC6CE840000EBE5 /* Assets.xcassets */ = {isa = PBXFileReference; lastKnownFileType = folder.assetcatalog; path = Assets.xcassets; sourceTree = "<group>"; };
		C23AFE832BC6CE840000EBE5 /* Base */ = {isa = PBXFileReference; lastKnownFileType = file.storyboard; name = Base; path = Base.lproj/LaunchScreen.storyboard; sourceTree = "<group>"; };
		C23AFE852BC6CE840000EBE5 /* Info.plist */ = {isa = PBXFileReference; lastKnownFileType = text.plist.xml; path = Info.plist; sourceTree = "<group>"; };
		C23AFEA02BC6D2380000EBE5 /* TargetType.swift */ = {isa = PBXFileReference; lastKnownFileType = sourcecode.swift; path = TargetType.swift; sourceTree = "<group>"; };
		C23AFEA62BC6DBDB0000EBE5 /* .gitignore */ = {isa = PBXFileReference; lastKnownFileType = text; path = .gitignore; sourceTree = "<group>"; };
		C23AFEA82BC6DC2B0000EBE5 /* APIKey.swift */ = {isa = PBXFileReference; lastKnownFileType = sourcecode.swift; path = APIKey.swift; sourceTree = "<group>"; };
		C23AFEAA2BC6DD430000EBE5 /* HTTPHeader.swift */ = {isa = PBXFileReference; lastKnownFileType = sourcecode.swift; path = HTTPHeader.swift; sourceTree = "<group>"; };
		C23AFEAF2BC6E1D50000EBE5 /* BaseViewController.swift */ = {isa = PBXFileReference; lastKnownFileType = sourcecode.swift; path = BaseViewController.swift; sourceTree = "<group>"; };
		C23AFEB22BC6E2660000EBE5 /* ViewModelType.swift */ = {isa = PBXFileReference; lastKnownFileType = sourcecode.swift; path = ViewModelType.swift; sourceTree = "<group>"; };
		C2DC2BE62BCD20C100A1D102 /* SignupView.swift */ = {isa = PBXFileReference; fileEncoding = 4; lastKnownFileType = sourcecode.swift; path = SignupView.swift; sourceTree = "<group>"; };
		C2DC2BE72BCD20C100A1D102 /* SignupViewController.swift */ = {isa = PBXFileReference; fileEncoding = 4; lastKnownFileType = sourcecode.swift; path = SignupViewController.swift; sourceTree = "<group>"; };
		C2DC2BE82BCD20C100A1D102 /* SignupViewModel.swift */ = {isa = PBXFileReference; fileEncoding = 4; lastKnownFileType = sourcecode.swift; path = SignupViewModel.swift; sourceTree = "<group>"; };
		C2DC2BEB2BCD20C100A1D102 /* WelcomeView.swift */ = {isa = PBXFileReference; fileEncoding = 4; lastKnownFileType = sourcecode.swift; path = WelcomeView.swift; sourceTree = "<group>"; };
		C2DC2BEC2BCD20C100A1D102 /* WelcomeViewController.swift */ = {isa = PBXFileReference; fileEncoding = 4; lastKnownFileType = sourcecode.swift; path = WelcomeViewController.swift; sourceTree = "<group>"; };
		C2DC2BF62BCD216400A1D102 /* Router.swift */ = {isa = PBXFileReference; lastKnownFileType = sourcecode.swift; path = Router.swift; sourceTree = "<group>"; };
		C2DC2BF82BCD217800A1D102 /* LoginRequestBody.swift */ = {isa = PBXFileReference; fileEncoding = 4; lastKnownFileType = sourcecode.swift; path = LoginRequestBody.swift; sourceTree = "<group>"; };
		C2DC2BF92BCD217800A1D102 /* SignupRequestBody.swift */ = {isa = PBXFileReference; fileEncoding = 4; lastKnownFileType = sourcecode.swift; path = SignupRequestBody.swift; sourceTree = "<group>"; };
		C2DC2BFB2BCD217800A1D102 /* RequestHeader.swift */ = {isa = PBXFileReference; fileEncoding = 4; lastKnownFileType = sourcecode.swift; path = RequestHeader.swift; sourceTree = "<group>"; };
		C2DC2BFD2BCD217800A1D102 /* JoinResponse.swift */ = {isa = PBXFileReference; fileEncoding = 4; lastKnownFileType = sourcecode.swift; path = JoinResponse.swift; sourceTree = "<group>"; };
		C2DC2BFE2BCD217800A1D102 /* LoginResponse.swift */ = {isa = PBXFileReference; fileEncoding = 4; lastKnownFileType = sourcecode.swift; path = LoginResponse.swift; sourceTree = "<group>"; };
		C2DC2C002BCD217800A1D102 /* UsersResponse.swift */ = {isa = PBXFileReference; fileEncoding = 4; lastKnownFileType = sourcecode.swift; path = UsersResponse.swift; sourceTree = "<group>"; };
		C2DC2C082BCD21BC00A1D102 /* BaseView.swift */ = {isa = PBXFileReference; fileEncoding = 4; lastKnownFileType = sourcecode.swift; path = BaseView.swift; sourceTree = "<group>"; };
		C2DC2C0B2BCD2A8700A1D102 /* LoginView.swift */ = {isa = PBXFileReference; lastKnownFileType = sourcecode.swift; path = LoginView.swift; sourceTree = "<group>"; };
		C2DC2C0D2BCD2DB700A1D102 /* LoginViewController.swift */ = {isa = PBXFileReference; lastKnownFileType = sourcecode.swift; path = LoginViewController.swift; sourceTree = "<group>"; };
		C2DC2C0F2BCD35E100A1D102 /* LoginViewModel.swift */ = {isa = PBXFileReference; lastKnownFileType = sourcecode.swift; path = LoginViewModel.swift; sourceTree = "<group>"; };
		C2DC2C112BCD53CD00A1D102 /* ValidRequestBody.swift */ = {isa = PBXFileReference; lastKnownFileType = sourcecode.swift; path = ValidRequestBody.swift; sourceTree = "<group>"; };
		C2DC2C132BCD548E00A1D102 /* ValidResponse.swift */ = {isa = PBXFileReference; lastKnownFileType = sourcecode.swift; path = ValidResponse.swift; sourceTree = "<group>"; };
/* End PBXFileReference section */

/* Begin PBXFrameworksBuildPhase section */
		C23AFE712BC6CE820000EBE5 /* Frameworks */ = {
			isa = PBXFrameworksBuildPhase;
			buildActionMask = 2147483647;
			files = (
				C23AFE932BC6D03F0000EBE5 /* RxCocoa in Frameworks */,
				C23AFE8D2BC6CFF70000EBE5 /* Alamofire in Frameworks */,
				C23AFE952BC6D03F0000EBE5 /* RxSwift in Frameworks */,
				C23AFE902BC6D01C0000EBE5 /* SnapKit in Frameworks */,
			);
			runOnlyForDeploymentPostprocessing = 0;
		};
/* End PBXFrameworksBuildPhase section */

/* Begin PBXGroup section */
		C23AFE6B2BC6CE820000EBE5 = {
			isa = PBXGroup;
			children = (
				C23AFEA62BC6DBDB0000EBE5 /* .gitignore */,
				C23AFE762BC6CE820000EBE5 /* WaveEcho */,
				C23AFE752BC6CE820000EBE5 /* Products */,
			);
			sourceTree = "<group>";
		};
		C23AFE752BC6CE820000EBE5 /* Products */ = {
			isa = PBXGroup;
			children = (
				C23AFE742BC6CE820000EBE5 /* WaveEcho.app */,
			);
			name = Products;
			sourceTree = "<group>";
		};
		C23AFE762BC6CE820000EBE5 /* WaveEcho */ = {
			isa = PBXGroup;
			children = (
				C2DC2BEE2BCD20C100A1D102 /* Presentation */,
				C23AFEB12BC6E24F0000EBE5 /* Protocol */,
				C23AFEAC2BC6E1A90000EBE5 /* Base */,
				C23AFE962BC6D0BC0000EBE5 /* Network */,
				C23AFE772BC6CE820000EBE5 /* AppDelegate.swift */,
				C23AFE792BC6CE820000EBE5 /* SceneDelegate.swift */,
				C23AFE7B2BC6CE820000EBE5 /* ViewController.swift */,
				C23AFE7D2BC6CE820000EBE5 /* Main.storyboard */,
				C23AFE802BC6CE840000EBE5 /* Assets.xcassets */,
				C23AFE822BC6CE840000EBE5 /* LaunchScreen.storyboard */,
				C23AFE852BC6CE840000EBE5 /* Info.plist */,
			);
			path = WaveEcho;
			sourceTree = "<group>";
		};
		C23AFE962BC6D0BC0000EBE5 /* Network */ = {
			isa = PBXGroup;
			children = (
				C2DC2BFC2BCD217800A1D102 /* Request */,
				C2DC2C012BCD217800A1D102 /* Response */,
				C23AFEA02BC6D2380000EBE5 /* TargetType.swift */,
				C23AFEA82BC6DC2B0000EBE5 /* APIKey.swift */,
				C23AFEAA2BC6DD430000EBE5 /* HTTPHeader.swift */,
				C2DC2BF62BCD216400A1D102 /* Router.swift */,
			);
			path = Network;
			sourceTree = "<group>";
		};
		C23AFEAC2BC6E1A90000EBE5 /* Base */ = {
			isa = PBXGroup;
			children = (
				C2DC2C082BCD21BC00A1D102 /* BaseView.swift */,
				C23AFEAF2BC6E1D50000EBE5 /* BaseViewController.swift */,
			);
			path = Base;
			sourceTree = "<group>";
		};
		C23AFEB12BC6E24F0000EBE5 /* Protocol */ = {
			isa = PBXGroup;
			children = (
				C23AFEB22BC6E2660000EBE5 /* ViewModelType.swift */,
			);
			path = Protocol;
			sourceTree = "<group>";
		};
		C2DC2BE92BCD20C100A1D102 /* Join */ = {
			isa = PBXGroup;
			children = (
				C2DC2BE62BCD20C100A1D102 /* SignupView.swift */,
				C2DC2BE72BCD20C100A1D102 /* SignupViewController.swift */,
				C2DC2BE82BCD20C100A1D102 /* SignupViewModel.swift */,
			);
			path = Join;
			sourceTree = "<group>";
		};
		C2DC2BEA2BCD20C100A1D102 /* Users */ = {
			isa = PBXGroup;
			children = (
				C2DC2BE92BCD20C100A1D102 /* Join */,
				C2DC2C0A2BCD23D200A1D102 /* Login */,
			);
			path = Users;
			sourceTree = "<group>";
		};
		C2DC2BED2BCD20C100A1D102 /* Welcome */ = {
			isa = PBXGroup;
			children = (
				C2DC2BEB2BCD20C100A1D102 /* WelcomeView.swift */,
				C2DC2BEC2BCD20C100A1D102 /* WelcomeViewController.swift */,
			);
			path = Welcome;
			sourceTree = "<group>";
		};
		C2DC2BEE2BCD20C100A1D102 /* Presentation */ = {
			isa = PBXGroup;
			children = (
				C2DC2BED2BCD20C100A1D102 /* Welcome */,
				C2DC2BEA2BCD20C100A1D102 /* Users */,
			);
			path = Presentation;
			sourceTree = "<group>";
		};
		C2DC2BFA2BCD217800A1D102 /* Users */ = {
			isa = PBXGroup;
			children = (
				C2DC2BF92BCD217800A1D102 /* SignupRequestBody.swift */,
				C2DC2C112BCD53CD00A1D102 /* ValidRequestBody.swift */,
				C2DC2BF82BCD217800A1D102 /* LoginRequestBody.swift */,
			);
			path = Users;
			sourceTree = "<group>";
		};
		C2DC2BFC2BCD217800A1D102 /* Request */ = {
			isa = PBXGroup;
			children = (
				C2DC2BFB2BCD217800A1D102 /* RequestHeader.swift */,
				C2DC2BFA2BCD217800A1D102 /* Users */,
			);
			path = Request;
			sourceTree = "<group>";
		};
		C2DC2BFF2BCD217800A1D102 /* Users */ = {
			isa = PBXGroup;
			children = (
				C2DC2BFD2BCD217800A1D102 /* JoinResponse.swift */,
				C2DC2C132BCD548E00A1D102 /* ValidResponse.swift */,
				C2DC2BFE2BCD217800A1D102 /* LoginResponse.swift */,
			);
			path = Users;
			sourceTree = "<group>";
		};
		C2DC2C012BCD217800A1D102 /* Response */ = {
			isa = PBXGroup;
			children = (
				C2DC2BFF2BCD217800A1D102 /* Users */,
				C2DC2C002BCD217800A1D102 /* UsersResponse.swift */,
			);
			path = Response;
			sourceTree = "<group>";
		};
		C2DC2C0A2BCD23D200A1D102 /* Login */ = {
			isa = PBXGroup;
			children = (
				C2DC2C0B2BCD2A8700A1D102 /* LoginView.swift */,
				C2DC2C0D2BCD2DB700A1D102 /* LoginViewController.swift */,
				C2DC2C0F2BCD35E100A1D102 /* LoginViewModel.swift */,
			);
			path = Login;
			sourceTree = "<group>";
		};
/* End PBXGroup section */

/* Begin PBXNativeTarget section */
		C23AFE732BC6CE820000EBE5 /* WaveEcho */ = {
			isa = PBXNativeTarget;
			buildConfigurationList = C23AFE882BC6CE840000EBE5 /* Build configuration list for PBXNativeTarget "WaveEcho" */;
			buildPhases = (
				C23AFE702BC6CE820000EBE5 /* Sources */,
				C23AFE712BC6CE820000EBE5 /* Frameworks */,
				C23AFE722BC6CE820000EBE5 /* Resources */,
			);
			buildRules = (
			);
			dependencies = (
			);
			name = WaveEcho;
			packageProductDependencies = (
				C23AFE8C2BC6CFF70000EBE5 /* Alamofire */,
				C23AFE8F2BC6D01C0000EBE5 /* SnapKit */,
				C23AFE922BC6D03F0000EBE5 /* RxCocoa */,
				C23AFE942BC6D03F0000EBE5 /* RxSwift */,
			);
			productName = WaveEcho;
			productReference = C23AFE742BC6CE820000EBE5 /* WaveEcho.app */;
			productType = "com.apple.product-type.application";
		};
/* End PBXNativeTarget section */

/* Begin PBXProject section */
		C23AFE6C2BC6CE820000EBE5 /* Project object */ = {
			isa = PBXProject;
			attributes = {
				BuildIndependentTargetsInParallel = 1;
				LastSwiftUpdateCheck = 1530;
				LastUpgradeCheck = 1530;
				TargetAttributes = {
					C23AFE732BC6CE820000EBE5 = {
						CreatedOnToolsVersion = 15.3;
					};
				};
			};
			buildConfigurationList = C23AFE6F2BC6CE820000EBE5 /* Build configuration list for PBXProject "WaveEcho" */;
			compatibilityVersion = "Xcode 14.0";
			developmentRegion = en;
			hasScannedForEncodings = 0;
			knownRegions = (
				en,
				Base,
			);
			mainGroup = C23AFE6B2BC6CE820000EBE5;
			packageReferences = (
				C23AFE8B2BC6CFF70000EBE5 /* XCRemoteSwiftPackageReference "Alamofire" */,
				C23AFE8E2BC6D01C0000EBE5 /* XCRemoteSwiftPackageReference "SnapKit" */,
				C23AFE912BC6D03F0000EBE5 /* XCRemoteSwiftPackageReference "RxSwift" */,
			);
			productRefGroup = C23AFE752BC6CE820000EBE5 /* Products */;
			projectDirPath = "";
			projectRoot = "";
			targets = (
				C23AFE732BC6CE820000EBE5 /* WaveEcho */,
			);
		};
/* End PBXProject section */

/* Begin PBXResourcesBuildPhase section */
		C23AFE722BC6CE820000EBE5 /* Resources */ = {
			isa = PBXResourcesBuildPhase;
			buildActionMask = 2147483647;
			files = (
				C23AFEA72BC6DBDB0000EBE5 /* .gitignore in Resources */,
				C23AFE812BC6CE840000EBE5 /* Assets.xcassets in Resources */,
				C23AFE842BC6CE840000EBE5 /* Base in Resources */,
				C23AFE7F2BC6CE820000EBE5 /* Base in Resources */,
			);
			runOnlyForDeploymentPostprocessing = 0;
		};
/* End PBXResourcesBuildPhase section */

/* Begin PBXSourcesBuildPhase section */
		C23AFE702BC6CE820000EBE5 /* Sources */ = {
			isa = PBXSourcesBuildPhase;
			buildActionMask = 2147483647;
			files = (
				C2DC2C032BCD217800A1D102 /* SignupRequestBody.swift in Sources */,
				C23AFEA12BC6D2380000EBE5 /* TargetType.swift in Sources */,
				C2DC2C022BCD217800A1D102 /* LoginRequestBody.swift in Sources */,
				C2DC2C0E2BCD2DB700A1D102 /* LoginViewController.swift in Sources */,
				C2DC2C052BCD217800A1D102 /* JoinResponse.swift in Sources */,
				C23AFEA92BC6DC2B0000EBE5 /* APIKey.swift in Sources */,
				C2DC2C072BCD217800A1D102 /* UsersResponse.swift in Sources */,
				C2DC2C142BCD548E00A1D102 /* ValidResponse.swift in Sources */,
				C2DC2C042BCD217800A1D102 /* RequestHeader.swift in Sources */,
				C23AFE7C2BC6CE820000EBE5 /* ViewController.swift in Sources */,
				C2DC2C0C2BCD2A8700A1D102 /* LoginView.swift in Sources */,
				C23AFEAB2BC6DD430000EBE5 /* HTTPHeader.swift in Sources */,
				C2DC2C092BCD21BC00A1D102 /* BaseView.swift in Sources */,
				C23AFEB02BC6E1D50000EBE5 /* BaseViewController.swift in Sources */,
				C2DC2BF32BCD20C100A1D102 /* WelcomeViewController.swift in Sources */,
				C2DC2BF02BCD20C100A1D102 /* SignupViewController.swift in Sources */,
				C2DC2BF72BCD216400A1D102 /* Router.swift in Sources */,
				C2DC2BF12BCD20C100A1D102 /* SignupViewModel.swift in Sources */,
				C23AFE782BC6CE820000EBE5 /* AppDelegate.swift in Sources */,
				C2DC2C122BCD53CD00A1D102 /* ValidRequestBody.swift in Sources */,
				C2DC2C062BCD217800A1D102 /* LoginResponse.swift in Sources */,
				C23AFEB32BC6E2660000EBE5 /* ViewModelType.swift in Sources */,
				C2DC2C102BCD35E100A1D102 /* LoginViewModel.swift in Sources */,
				C2DC2BEF2BCD20C100A1D102 /* SignupView.swift in Sources */,
				C23AFE7A2BC6CE820000EBE5 /* SceneDelegate.swift in Sources */,
				C2DC2BF22BCD20C100A1D102 /* WelcomeView.swift in Sources */,
			);
			runOnlyForDeploymentPostprocessing = 0;
		};
/* End PBXSourcesBuildPhase section */

/* Begin PBXVariantGroup section */
		C23AFE7D2BC6CE820000EBE5 /* Main.storyboard */ = {
			isa = PBXVariantGroup;
			children = (
				C23AFE7E2BC6CE820000EBE5 /* Base */,
			);
			name = Main.storyboard;
			sourceTree = "<group>";
		};
		C23AFE822BC6CE840000EBE5 /* LaunchScreen.storyboard */ = {
			isa = PBXVariantGroup;
			children = (
				C23AFE832BC6CE840000EBE5 /* Base */,
			);
			name = LaunchScreen.storyboard;
			sourceTree = "<group>";
		};
/* End PBXVariantGroup section */

/* Begin XCBuildConfiguration section */
		C23AFE862BC6CE840000EBE5 /* Debug */ = {
			isa = XCBuildConfiguration;
			buildSettings = {
				ALWAYS_SEARCH_USER_PATHS = NO;
				ASSETCATALOG_COMPILER_GENERATE_SWIFT_ASSET_SYMBOL_EXTENSIONS = YES;
				CLANG_ANALYZER_NONNULL = YES;
				CLANG_ANALYZER_NUMBER_OBJECT_CONVERSION = YES_AGGRESSIVE;
				CLANG_CXX_LANGUAGE_STANDARD = "gnu++20";
				CLANG_ENABLE_MODULES = YES;
				CLANG_ENABLE_OBJC_ARC = YES;
				CLANG_ENABLE_OBJC_WEAK = YES;
				CLANG_WARN_BLOCK_CAPTURE_AUTORELEASING = YES;
				CLANG_WARN_BOOL_CONVERSION = YES;
				CLANG_WARN_COMMA = YES;
				CLANG_WARN_CONSTANT_CONVERSION = YES;
				CLANG_WARN_DEPRECATED_OBJC_IMPLEMENTATIONS = YES;
				CLANG_WARN_DIRECT_OBJC_ISA_USAGE = YES_ERROR;
				CLANG_WARN_DOCUMENTATION_COMMENTS = YES;
				CLANG_WARN_EMPTY_BODY = YES;
				CLANG_WARN_ENUM_CONVERSION = YES;
				CLANG_WARN_INFINITE_RECURSION = YES;
				CLANG_WARN_INT_CONVERSION = YES;
				CLANG_WARN_NON_LITERAL_NULL_CONVERSION = YES;
				CLANG_WARN_OBJC_IMPLICIT_RETAIN_SELF = YES;
				CLANG_WARN_OBJC_LITERAL_CONVERSION = YES;
				CLANG_WARN_OBJC_ROOT_CLASS = YES_ERROR;
				CLANG_WARN_QUOTED_INCLUDE_IN_FRAMEWORK_HEADER = YES;
				CLANG_WARN_RANGE_LOOP_ANALYSIS = YES;
				CLANG_WARN_STRICT_PROTOTYPES = YES;
				CLANG_WARN_SUSPICIOUS_MOVE = YES;
				CLANG_WARN_UNGUARDED_AVAILABILITY = YES_AGGRESSIVE;
				CLANG_WARN_UNREACHABLE_CODE = YES;
				CLANG_WARN__DUPLICATE_METHOD_MATCH = YES;
				COPY_PHASE_STRIP = NO;
				DEBUG_INFORMATION_FORMAT = dwarf;
				ENABLE_STRICT_OBJC_MSGSEND = YES;
				ENABLE_TESTABILITY = YES;
				ENABLE_USER_SCRIPT_SANDBOXING = YES;
				GCC_C_LANGUAGE_STANDARD = gnu17;
				GCC_DYNAMIC_NO_PIC = NO;
				GCC_NO_COMMON_BLOCKS = YES;
				GCC_OPTIMIZATION_LEVEL = 0;
				GCC_PREPROCESSOR_DEFINITIONS = (
					"DEBUG=1",
					"$(inherited)",
				);
				GCC_WARN_64_TO_32_BIT_CONVERSION = YES;
				GCC_WARN_ABOUT_RETURN_TYPE = YES_ERROR;
				GCC_WARN_UNDECLARED_SELECTOR = YES;
				GCC_WARN_UNINITIALIZED_AUTOS = YES_AGGRESSIVE;
				GCC_WARN_UNUSED_FUNCTION = YES;
				GCC_WARN_UNUSED_VARIABLE = YES;
				IPHONEOS_DEPLOYMENT_TARGET = 17.4;
				LOCALIZATION_PREFERS_STRING_CATALOGS = YES;
				MTL_ENABLE_DEBUG_INFO = INCLUDE_SOURCE;
				MTL_FAST_MATH = YES;
				ONLY_ACTIVE_ARCH = YES;
				SDKROOT = iphoneos;
				SWIFT_ACTIVE_COMPILATION_CONDITIONS = "DEBUG $(inherited)";
				SWIFT_OPTIMIZATION_LEVEL = "-Onone";
			};
			name = Debug;
		};
		C23AFE872BC6CE840000EBE5 /* Release */ = {
			isa = XCBuildConfiguration;
			buildSettings = {
				ALWAYS_SEARCH_USER_PATHS = NO;
				ASSETCATALOG_COMPILER_GENERATE_SWIFT_ASSET_SYMBOL_EXTENSIONS = YES;
				CLANG_ANALYZER_NONNULL = YES;
				CLANG_ANALYZER_NUMBER_OBJECT_CONVERSION = YES_AGGRESSIVE;
				CLANG_CXX_LANGUAGE_STANDARD = "gnu++20";
				CLANG_ENABLE_MODULES = YES;
				CLANG_ENABLE_OBJC_ARC = YES;
				CLANG_ENABLE_OBJC_WEAK = YES;
				CLANG_WARN_BLOCK_CAPTURE_AUTORELEASING = YES;
				CLANG_WARN_BOOL_CONVERSION = YES;
				CLANG_WARN_COMMA = YES;
				CLANG_WARN_CONSTANT_CONVERSION = YES;
				CLANG_WARN_DEPRECATED_OBJC_IMPLEMENTATIONS = YES;
				CLANG_WARN_DIRECT_OBJC_ISA_USAGE = YES_ERROR;
				CLANG_WARN_DOCUMENTATION_COMMENTS = YES;
				CLANG_WARN_EMPTY_BODY = YES;
				CLANG_WARN_ENUM_CONVERSION = YES;
				CLANG_WARN_INFINITE_RECURSION = YES;
				CLANG_WARN_INT_CONVERSION = YES;
				CLANG_WARN_NON_LITERAL_NULL_CONVERSION = YES;
				CLANG_WARN_OBJC_IMPLICIT_RETAIN_SELF = YES;
				CLANG_WARN_OBJC_LITERAL_CONVERSION = YES;
				CLANG_WARN_OBJC_ROOT_CLASS = YES_ERROR;
				CLANG_WARN_QUOTED_INCLUDE_IN_FRAMEWORK_HEADER = YES;
				CLANG_WARN_RANGE_LOOP_ANALYSIS = YES;
				CLANG_WARN_STRICT_PROTOTYPES = YES;
				CLANG_WARN_SUSPICIOUS_MOVE = YES;
				CLANG_WARN_UNGUARDED_AVAILABILITY = YES_AGGRESSIVE;
				CLANG_WARN_UNREACHABLE_CODE = YES;
				CLANG_WARN__DUPLICATE_METHOD_MATCH = YES;
				COPY_PHASE_STRIP = NO;
				DEBUG_INFORMATION_FORMAT = "dwarf-with-dsym";
				ENABLE_NS_ASSERTIONS = NO;
				ENABLE_STRICT_OBJC_MSGSEND = YES;
				ENABLE_USER_SCRIPT_SANDBOXING = YES;
				GCC_C_LANGUAGE_STANDARD = gnu17;
				GCC_NO_COMMON_BLOCKS = YES;
				GCC_WARN_64_TO_32_BIT_CONVERSION = YES;
				GCC_WARN_ABOUT_RETURN_TYPE = YES_ERROR;
				GCC_WARN_UNDECLARED_SELECTOR = YES;
				GCC_WARN_UNINITIALIZED_AUTOS = YES_AGGRESSIVE;
				GCC_WARN_UNUSED_FUNCTION = YES;
				GCC_WARN_UNUSED_VARIABLE = YES;
				IPHONEOS_DEPLOYMENT_TARGET = 17.4;
				LOCALIZATION_PREFERS_STRING_CATALOGS = YES;
				MTL_ENABLE_DEBUG_INFO = NO;
				MTL_FAST_MATH = YES;
				SDKROOT = iphoneos;
				SWIFT_COMPILATION_MODE = wholemodule;
				VALIDATE_PRODUCT = YES;
			};
			name = Release;
		};
		C23AFE892BC6CE840000EBE5 /* Debug */ = {
			isa = XCBuildConfiguration;
			buildSettings = {
				ASSETCATALOG_COMPILER_APPICON_NAME = AppIcon;
				ASSETCATALOG_COMPILER_GLOBAL_ACCENT_COLOR_NAME = AccentColor;
				CODE_SIGN_STYLE = Automatic;
				CURRENT_PROJECT_VERSION = 1;
				DEVELOPMENT_TEAM = 8HG96SSK4A;
				GENERATE_INFOPLIST_FILE = YES;
				INFOPLIST_FILE = WaveEcho/Info.plist;
				INFOPLIST_KEY_UIApplicationSupportsIndirectInputEvents = YES;
				INFOPLIST_KEY_UILaunchStoryboardName = LaunchScreen;
				INFOPLIST_KEY_UIMainStoryboardFile = Main;
				INFOPLIST_KEY_UISupportedInterfaceOrientations_iPad = "UIInterfaceOrientationPortrait UIInterfaceOrientationPortraitUpsideDown UIInterfaceOrientationLandscapeLeft UIInterfaceOrientationLandscapeRight";
				INFOPLIST_KEY_UISupportedInterfaceOrientations_iPhone = "UIInterfaceOrientationPortrait UIInterfaceOrientationLandscapeLeft UIInterfaceOrientationLandscapeRight";
				LD_RUNPATH_SEARCH_PATHS = (
					"$(inherited)",
					"@executable_path/Frameworks",
				);
				MARKETING_VERSION = 1.0;
				PRODUCT_BUNDLE_IDENTIFIER = com.cyndi.WaveEcho;
				PRODUCT_NAME = "$(TARGET_NAME)";
				SWIFT_EMIT_LOC_STRINGS = YES;
				SWIFT_VERSION = 5.0;
				TARGETED_DEVICE_FAMILY = "1,2";
			};
			name = Debug;
		};
		C23AFE8A2BC6CE840000EBE5 /* Release */ = {
			isa = XCBuildConfiguration;
			buildSettings = {
				ASSETCATALOG_COMPILER_APPICON_NAME = AppIcon;
				ASSETCATALOG_COMPILER_GLOBAL_ACCENT_COLOR_NAME = AccentColor;
				CODE_SIGN_STYLE = Automatic;
				CURRENT_PROJECT_VERSION = 1;
				DEVELOPMENT_TEAM = 8HG96SSK4A;
				GENERATE_INFOPLIST_FILE = YES;
				INFOPLIST_FILE = WaveEcho/Info.plist;
				INFOPLIST_KEY_UIApplicationSupportsIndirectInputEvents = YES;
				INFOPLIST_KEY_UILaunchStoryboardName = LaunchScreen;
				INFOPLIST_KEY_UIMainStoryboardFile = Main;
				INFOPLIST_KEY_UISupportedInterfaceOrientations_iPad = "UIInterfaceOrientationPortrait UIInterfaceOrientationPortraitUpsideDown UIInterfaceOrientationLandscapeLeft UIInterfaceOrientationLandscapeRight";
				INFOPLIST_KEY_UISupportedInterfaceOrientations_iPhone = "UIInterfaceOrientationPortrait UIInterfaceOrientationLandscapeLeft UIInterfaceOrientationLandscapeRight";
				LD_RUNPATH_SEARCH_PATHS = (
					"$(inherited)",
					"@executable_path/Frameworks",
				);
				MARKETING_VERSION = 1.0;
				PRODUCT_BUNDLE_IDENTIFIER = com.cyndi.WaveEcho;
				PRODUCT_NAME = "$(TARGET_NAME)";
				SWIFT_EMIT_LOC_STRINGS = YES;
				SWIFT_VERSION = 5.0;
				TARGETED_DEVICE_FAMILY = "1,2";
			};
			name = Release;
		};
/* End XCBuildConfiguration section */

/* Begin XCConfigurationList section */
		C23AFE6F2BC6CE820000EBE5 /* Build configuration list for PBXProject "WaveEcho" */ = {
			isa = XCConfigurationList;
			buildConfigurations = (
				C23AFE862BC6CE840000EBE5 /* Debug */,
				C23AFE872BC6CE840000EBE5 /* Release */,
			);
			defaultConfigurationIsVisible = 0;
			defaultConfigurationName = Release;
		};
		C23AFE882BC6CE840000EBE5 /* Build configuration list for PBXNativeTarget "WaveEcho" */ = {
			isa = XCConfigurationList;
			buildConfigurations = (
				C23AFE892BC6CE840000EBE5 /* Debug */,
				C23AFE8A2BC6CE840000EBE5 /* Release */,
			);
			defaultConfigurationIsVisible = 0;
			defaultConfigurationName = Release;
		};
/* End XCConfigurationList section */

/* Begin XCRemoteSwiftPackageReference section */
		C23AFE8B2BC6CFF70000EBE5 /* XCRemoteSwiftPackageReference "Alamofire" */ = {
			isa = XCRemoteSwiftPackageReference;
			repositoryURL = "https://github.com/Alamofire/Alamofire";
			requirement = {
				kind = upToNextMajorVersion;
				minimumVersion = 5.9.1;
			};
		};
		C23AFE8E2BC6D01C0000EBE5 /* XCRemoteSwiftPackageReference "SnapKit" */ = {
			isa = XCRemoteSwiftPackageReference;
			repositoryURL = "https://github.com/SnapKit/SnapKit.git";
			requirement = {
				kind = upToNextMajorVersion;
				minimumVersion = 5.7.1;
			};
		};
		C23AFE912BC6D03F0000EBE5 /* XCRemoteSwiftPackageReference "RxSwift" */ = {
			isa = XCRemoteSwiftPackageReference;
			repositoryURL = "https://github.com/ReactiveX/RxSwift";
			requirement = {
				kind = upToNextMajorVersion;
				minimumVersion = 6.6.0;
			};
		};
/* End XCRemoteSwiftPackageReference section */

/* Begin XCSwiftPackageProductDependency section */
		C23AFE8C2BC6CFF70000EBE5 /* Alamofire */ = {
			isa = XCSwiftPackageProductDependency;
			package = C23AFE8B2BC6CFF70000EBE5 /* XCRemoteSwiftPackageReference "Alamofire" */;
			productName = Alamofire;
		};
		C23AFE8F2BC6D01C0000EBE5 /* SnapKit */ = {
			isa = XCSwiftPackageProductDependency;
			package = C23AFE8E2BC6D01C0000EBE5 /* XCRemoteSwiftPackageReference "SnapKit" */;
			productName = SnapKit;
		};
		C23AFE922BC6D03F0000EBE5 /* RxCocoa */ = {
			isa = XCSwiftPackageProductDependency;
			package = C23AFE912BC6D03F0000EBE5 /* XCRemoteSwiftPackageReference "RxSwift" */;
			productName = RxCocoa;
		};
		C23AFE942BC6D03F0000EBE5 /* RxSwift */ = {
			isa = XCSwiftPackageProductDependency;
			package = C23AFE912BC6D03F0000EBE5 /* XCRemoteSwiftPackageReference "RxSwift" */;
			productName = RxSwift;
		};
/* End XCSwiftPackageProductDependency section */
	};
	rootObject = C23AFE6C2BC6CE820000EBE5 /* Project object */;
}
