// !$*UTF8*$!
{
	archiveVersion = 1;
	classes = {
	};
	objectVersion = 56;
	objects = {

/* Begin PBXBuildFile section */
		C20E68992BD685D100507C0B /* PostsTableViewCell.swift in Sources */ = {isa = PBXBuildFile; fileRef = C20E68982BD685D100507C0B /* PostsTableViewCell.swift */; };
		C20E689C2BD73D9B00507C0B /* DateFormatManager.swift in Sources */ = {isa = PBXBuildFile; fileRef = C20E689B2BD73D9B00507C0B /* DateFormatManager.swift */; };
		C20E68B02BD7C51A00507C0B /* RefreshToken.swift in Sources */ = {isa = PBXBuildFile; fileRef = C20E68AF2BD7C51A00507C0B /* RefreshToken.swift */; };
		C20E68B22BD80D5A00507C0B /* ImageUploadRequestBody.swift in Sources */ = {isa = PBXBuildFile; fileRef = C20E68B12BD80D5A00507C0B /* ImageUploadRequestBody.swift */; };
		C20E68B52BD8FC9A00507C0B /* MyProfileView.swift in Sources */ = {isa = PBXBuildFile; fileRef = C20E68B42BD8FC9A00507C0B /* MyProfileView.swift */; };
		C20E68B72BD8FF2100507C0B /* MyProfileViewController.swift in Sources */ = {isa = PBXBuildFile; fileRef = C20E68B62BD8FF2100507C0B /* MyProfileViewController.swift */; };
		C20E68B92BD9001C00507C0B /* ProfileRouter.swift in Sources */ = {isa = PBXBuildFile; fileRef = C20E68B82BD9001C00507C0B /* ProfileRouter.swift */; };
		C20E68BD2BD91C5F00507C0B /* MyProfileResponse.swift in Sources */ = {isa = PBXBuildFile; fileRef = C20E68BC2BD91C5F00507C0B /* MyProfileResponse.swift */; };
		C20E68C02BD9512200507C0B /* UITextView.swift in Sources */ = {isa = PBXBuildFile; fileRef = C20E68BF2BD9512200507C0B /* UITextView.swift */; };
		C20E68C22BD953FC00507C0B /* ImageUploadResponse.swift in Sources */ = {isa = PBXBuildFile; fileRef = C20E68C12BD953FC00507C0B /* ImageUploadResponse.swift */; };
		C22003442BE0E02100A95F86 /* messageAnimation.json in Resources */ = {isa = PBXBuildFile; fileRef = C22003432BE0E02100A95F86 /* messageAnimation.json */; };
		C22003482BE0F13600A95F86 /* PopupViewController.swift in Sources */ = {isa = PBXBuildFile; fileRef = C22003472BE0F13600A95F86 /* PopupViewController.swift */; };
		C220034A2BE0F15400A95F86 /* PopupView.swift in Sources */ = {isa = PBXBuildFile; fileRef = C22003492BE0F15400A95F86 /* PopupView.swift */; };
		C220034E2BE1308C00A95F86 /* CommentCollectionViewCell.swift in Sources */ = {isa = PBXBuildFile; fileRef = C220034D2BE1308C00A95F86 /* CommentCollectionViewCell.swift */; };
		C22003502BE1309400A95F86 /* BaseCollectionViewCell.swift in Sources */ = {isa = PBXBuildFile; fileRef = C220034F2BE1309400A95F86 /* BaseCollectionViewCell.swift */; };
		C23AFE782BC6CE820000EBE5 /* AppDelegate.swift in Sources */ = {isa = PBXBuildFile; fileRef = C23AFE772BC6CE820000EBE5 /* AppDelegate.swift */; };
		C23AFE7A2BC6CE820000EBE5 /* SceneDelegate.swift in Sources */ = {isa = PBXBuildFile; fileRef = C23AFE792BC6CE820000EBE5 /* SceneDelegate.swift */; };
		C23AFE7C2BC6CE820000EBE5 /* ViewController.swift in Sources */ = {isa = PBXBuildFile; fileRef = C23AFE7B2BC6CE820000EBE5 /* ViewController.swift */; };
		C23AFE7F2BC6CE820000EBE5 /* Base in Resources */ = {isa = PBXBuildFile; fileRef = C23AFE7E2BC6CE820000EBE5 /* Base */; };
		C23AFE812BC6CE840000EBE5 /* Assets.xcassets in Resources */ = {isa = PBXBuildFile; fileRef = C23AFE802BC6CE840000EBE5 /* Assets.xcassets */; };
		C23AFE842BC6CE840000EBE5 /* Base in Resources */ = {isa = PBXBuildFile; fileRef = C23AFE832BC6CE840000EBE5 /* Base */; };
		C23AFE8D2BC6CFF70000EBE5 /* Alamofire in Frameworks */ = {isa = PBXBuildFile; productRef = C23AFE8C2BC6CFF70000EBE5 /* Alamofire */; };
		C23AFE902BC6D01C0000EBE5 /* SnapKit in Frameworks */ = {isa = PBXBuildFile; productRef = C23AFE8F2BC6D01C0000EBE5 /* SnapKit */; };
		C23AFE932BC6D03F0000EBE5 /* RxCocoa in Frameworks */ = {isa = PBXBuildFile; productRef = C23AFE922BC6D03F0000EBE5 /* RxCocoa */; };
		C23AFE952BC6D03F0000EBE5 /* RxSwift in Frameworks */ = {isa = PBXBuildFile; productRef = C23AFE942BC6D03F0000EBE5 /* RxSwift */; };
		C23AFEA12BC6D2380000EBE5 /* TargetType.swift in Sources */ = {isa = PBXBuildFile; fileRef = C23AFEA02BC6D2380000EBE5 /* TargetType.swift */; };
		C23AFEA72BC6DBDB0000EBE5 /* .gitignore in Resources */ = {isa = PBXBuildFile; fileRef = C23AFEA62BC6DBDB0000EBE5 /* .gitignore */; };
		C23AFEA92BC6DC2B0000EBE5 /* APIKey.swift in Sources */ = {isa = PBXBuildFile; fileRef = C23AFEA82BC6DC2B0000EBE5 /* APIKey.swift */; };
		C23AFEAB2BC6DD430000EBE5 /* HTTPHeader.swift in Sources */ = {isa = PBXBuildFile; fileRef = C23AFEAA2BC6DD430000EBE5 /* HTTPHeader.swift */; };
		C23AFEB02BC6E1D50000EBE5 /* BaseViewController.swift in Sources */ = {isa = PBXBuildFile; fileRef = C23AFEAF2BC6E1D50000EBE5 /* BaseViewController.swift */; };
		C23AFEB32BC6E2660000EBE5 /* ViewModelType.swift in Sources */ = {isa = PBXBuildFile; fileRef = C23AFEB22BC6E2660000EBE5 /* ViewModelType.swift */; };
		C23D33C52BDE799C00F81AB4 /* UIViewController+Extension.swift in Sources */ = {isa = PBXBuildFile; fileRef = C23D33C42BDE799C00F81AB4 /* UIViewController+Extension.swift */; };
		C23D33C82BDE8D9800F81AB4 /* Kingfisher in Frameworks */ = {isa = PBXBuildFile; productRef = C23D33C72BDE8D9800F81AB4 /* Kingfisher */; };
		C23D33CF2BDE983700F81AB4 /* EditMyProfileRequestBody.swift in Sources */ = {isa = PBXBuildFile; fileRef = C23D33CE2BDE983700F81AB4 /* EditMyProfileRequestBody.swift */; };
		C23D33D12BDE985C00F81AB4 /* EditMyProfileResponse.swift in Sources */ = {isa = PBXBuildFile; fileRef = C23D33D02BDE985C00F81AB4 /* EditMyProfileResponse.swift */; };
		C23D33D42BDEA00100F81AB4 /* EditProfileView.swift in Sources */ = {isa = PBXBuildFile; fileRef = C23D33D32BDEA00100F81AB4 /* EditProfileView.swift */; };
		C23D33D62BDEA07900F81AB4 /* EditProfileViewController.swift in Sources */ = {isa = PBXBuildFile; fileRef = C23D33D52BDEA07900F81AB4 /* EditProfileViewController.swift */; };
		C23D33DA2BDEA30100F81AB4 /* EditProfileViewModel.swift in Sources */ = {isa = PBXBuildFile; fileRef = C23D33D92BDEA30100F81AB4 /* EditProfileViewModel.swift */; };
		C23D33DC2BDEC7C900F81AB4 /* KingFisherImage.swift in Sources */ = {isa = PBXBuildFile; fileRef = C23D33DB2BDEC7C900F81AB4 /* KingFisherImage.swift */; };
		C269AF0C2BE1F62A00BB6E20 /* ReplyViewController.swift in Sources */ = {isa = PBXBuildFile; fileRef = C269AF0B2BE1F62A00BB6E20 /* ReplyViewController.swift */; };
		C269AF0E2BE1F96E00BB6E20 /* ReplyView.swift in Sources */ = {isa = PBXBuildFile; fileRef = C269AF0D2BE1F96E00BB6E20 /* ReplyView.swift */; };
		C269AF102BE206D000BB6E20 /* ReplyViewModel.swift in Sources */ = {isa = PBXBuildFile; fileRef = C269AF0F2BE206D000BB6E20 /* ReplyViewModel.swift */; };
		C269AF132BE21F0D00BB6E20 /* BetterSegmentedControl in Frameworks */ = {isa = PBXBuildFile; productRef = C269AF122BE21F0D00BB6E20 /* BetterSegmentedControl */; };
		C269AF162BE2248400BB6E20 /* MyPostView.swift in Sources */ = {isa = PBXBuildFile; fileRef = C269AF152BE2248400BB6E20 /* MyPostView.swift */; };
		C269AF182BE224EC00BB6E20 /* MyPostViewController.swift in Sources */ = {isa = PBXBuildFile; fileRef = C269AF172BE224EC00BB6E20 /* MyPostViewController.swift */; };
		C269AF1A2BE2265B00BB6E20 /* MyPostTableViewCell.swift in Sources */ = {isa = PBXBuildFile; fileRef = C269AF192BE2265B00BB6E20 /* MyPostTableViewCell.swift */; };
		C269AF202BE2813800BB6E20 /* MyPostViewModel.swift in Sources */ = {isa = PBXBuildFile; fileRef = C269AF1F2BE2813800BB6E20 /* MyPostViewModel.swift */; };
		C269AF282BE37B5D00BB6E20 /* AfterMyProfileView.swift in Sources */ = {isa = PBXBuildFile; fileRef = C269AF272BE37B5D00BB6E20 /* AfterMyProfileView.swift */; };
		C269AF2A2BE37BA700BB6E20 /* AfterMyProfileViewController.swift in Sources */ = {isa = PBXBuildFile; fileRef = C269AF292BE37BA700BB6E20 /* AfterMyProfileViewController.swift */; };
		C269AF702BE3E51E00BB6E20 /* UIColor+Extension.swift in Sources */ = {isa = PBXBuildFile; fileRef = C269AF6F2BE3E51E00BB6E20 /* UIColor+Extension.swift */; };
		C269AF7B2BE6153100BB6E20 /* UserDefaultsManager.swift in Sources */ = {isa = PBXBuildFile; fileRef = C269AF7A2BE6153100BB6E20 /* UserDefaultsManager.swift */; };
		C27A067F2BE0D6CF0010D382 /* Lottie in Frameworks */ = {isa = PBXBuildFile; productRef = C27A067E2BE0D6CF0010D382 /* Lottie */; };
		C27A06832BE0DA240010D382 /* wavesAnimation.json in Resources */ = {isa = PBXBuildFile; fileRef = C27A06822BE0DA240010D382 /* wavesAnimation.json */; };
		C27E53402BCE6F810037E1A5 /* PostsView.swift in Sources */ = {isa = PBXBuildFile; fileRef = C27E533F2BCE6F810037E1A5 /* PostsView.swift */; };
		C27E53422BCE71B00037E1A5 /* PostsViewController.swift in Sources */ = {isa = PBXBuildFile; fileRef = C27E53412BCE71B00037E1A5 /* PostsViewController.swift */; };
		C27E53452BCE774A0037E1A5 /* WritePostView.swift in Sources */ = {isa = PBXBuildFile; fileRef = C27E53442BCE774A0037E1A5 /* WritePostView.swift */; };
		C27E53472BCE780C0037E1A5 /* WritePostViewController.swift in Sources */ = {isa = PBXBuildFile; fileRef = C27E53462BCE780C0037E1A5 /* WritePostViewController.swift */; };
		C27E53492BCE8DE40037E1A5 /* WritePostViewModel.swift in Sources */ = {isa = PBXBuildFile; fileRef = C27E53482BCE8DE40037E1A5 /* WritePostViewModel.swift */; };
		C27E534C2BCE8E840037E1A5 /* WritePostsRequestBody.swift in Sources */ = {isa = PBXBuildFile; fileRef = C27E534B2BCE8E840037E1A5 /* WritePostsRequestBody.swift */; };
		C2CDC2A52BD1023800176723 /* PostsRouter.swift in Sources */ = {isa = PBXBuildFile; fileRef = C2CDC2A42BD1023800176723 /* PostsRouter.swift */; };
		C2CDC2A72BD1062C00176723 /* WithdrawResponse.swift in Sources */ = {isa = PBXBuildFile; fileRef = C2CDC2A62BD1062C00176723 /* WithdrawResponse.swift */; };
		C2CDC2A92BD107A900176723 /* PostsViewModel.swift in Sources */ = {isa = PBXBuildFile; fileRef = C2CDC2A82BD107A900176723 /* PostsViewModel.swift */; };
		C2CDC2AC2BD133D900176723 /* Toast in Frameworks */ = {isa = PBXBuildFile; productRef = C2CDC2AB2BD133D900176723 /* Toast */; };
		C2CDC2CA2BD36F9E00176723 /* APIError.swift in Sources */ = {isa = PBXBuildFile; fileRef = C2CDC2C92BD36F9E00176723 /* APIError.swift */; };
		C2CDC2CC2BD4C63B00176723 /* PostResponse.swift in Sources */ = {isa = PBXBuildFile; fileRef = C2CDC2CB2BD4C63B00176723 /* PostResponse.swift */; };
		C2CDC2D12BD4FDF000176723 /* PostQueryString.swift in Sources */ = {isa = PBXBuildFile; fileRef = C2CDC2D02BD4FDF000176723 /* PostQueryString.swift */; };
		C2CDC2E22BD6299400176723 /* BaseTableViewCell.swift in Sources */ = {isa = PBXBuildFile; fileRef = C2CDC2E12BD6299400176723 /* BaseTableViewCell.swift */; };
		C2CDC2E42BD62EFC00176723 /* APIManager.swift in Sources */ = {isa = PBXBuildFile; fileRef = C2CDC2E32BD62EFC00176723 /* APIManager.swift */; };
		C2DC2BEF2BCD20C100A1D102 /* SignupView.swift in Sources */ = {isa = PBXBuildFile; fileRef = C2DC2BE62BCD20C100A1D102 /* SignupView.swift */; };
		C2DC2BF02BCD20C100A1D102 /* SignupViewController.swift in Sources */ = {isa = PBXBuildFile; fileRef = C2DC2BE72BCD20C100A1D102 /* SignupViewController.swift */; };
		C2DC2BF12BCD20C100A1D102 /* SignupViewModel.swift in Sources */ = {isa = PBXBuildFile; fileRef = C2DC2BE82BCD20C100A1D102 /* SignupViewModel.swift */; };
		C2DC2BF22BCD20C100A1D102 /* WelcomeView.swift in Sources */ = {isa = PBXBuildFile; fileRef = C2DC2BEB2BCD20C100A1D102 /* WelcomeView.swift */; };
		C2DC2BF32BCD20C100A1D102 /* WelcomeViewController.swift in Sources */ = {isa = PBXBuildFile; fileRef = C2DC2BEC2BCD20C100A1D102 /* WelcomeViewController.swift */; };
		C2DC2C022BCD217800A1D102 /* LoginRequestBody.swift in Sources */ = {isa = PBXBuildFile; fileRef = C2DC2BF82BCD217800A1D102 /* LoginRequestBody.swift */; };
		C2DC2C032BCD217800A1D102 /* SignupRequestBody.swift in Sources */ = {isa = PBXBuildFile; fileRef = C2DC2BF92BCD217800A1D102 /* SignupRequestBody.swift */; };
		C2DC2C042BCD217800A1D102 /* RequestHeader.swift in Sources */ = {isa = PBXBuildFile; fileRef = C2DC2BFB2BCD217800A1D102 /* RequestHeader.swift */; };
		C2DC2C052BCD217800A1D102 /* SignupResponse.swift in Sources */ = {isa = PBXBuildFile; fileRef = C2DC2BFD2BCD217800A1D102 /* SignupResponse.swift */; };
		C2DC2C062BCD217800A1D102 /* LoginResponse.swift in Sources */ = {isa = PBXBuildFile; fileRef = C2DC2BFE2BCD217800A1D102 /* LoginResponse.swift */; };
		C2DC2C072BCD217800A1D102 /* UsersRouter.swift in Sources */ = {isa = PBXBuildFile; fileRef = C2DC2C002BCD217800A1D102 /* UsersRouter.swift */; };
		C2DC2C092BCD21BC00A1D102 /* BaseView.swift in Sources */ = {isa = PBXBuildFile; fileRef = C2DC2C082BCD21BC00A1D102 /* BaseView.swift */; };
		C2DC2C0C2BCD2A8700A1D102 /* LoginView.swift in Sources */ = {isa = PBXBuildFile; fileRef = C2DC2C0B2BCD2A8700A1D102 /* LoginView.swift */; };
		C2DC2C0E2BCD2DB700A1D102 /* LoginViewController.swift in Sources */ = {isa = PBXBuildFile; fileRef = C2DC2C0D2BCD2DB700A1D102 /* LoginViewController.swift */; };
		C2DC2C102BCD35E100A1D102 /* LoginViewModel.swift in Sources */ = {isa = PBXBuildFile; fileRef = C2DC2C0F2BCD35E100A1D102 /* LoginViewModel.swift */; };
		C2DC2C122BCD53CD00A1D102 /* ValidEmailRequestBody.swift in Sources */ = {isa = PBXBuildFile; fileRef = C2DC2C112BCD53CD00A1D102 /* ValidEmailRequestBody.swift */; };
		C2DC2C142BCD548E00A1D102 /* ValidEmailResponse.swift in Sources */ = {isa = PBXBuildFile; fileRef = C2DC2C132BCD548E00A1D102 /* ValidEmailResponse.swift */; };
		C2DC2C172BCD5AEE00A1D102 /* RefreshTokenResponse.swift in Sources */ = {isa = PBXBuildFile; fileRef = C2DC2C162BCD5AEE00A1D102 /* RefreshTokenResponse.swift */; };
		C2E8EFC92BDE451100868BB3 /* WriteCommentRequestBody.swift in Sources */ = {isa = PBXBuildFile; fileRef = C2E8EFC82BDE451100868BB3 /* WriteCommentRequestBody.swift */; };
		C2E8EFCC2BDE454200868BB3 /* WriteCommentResponse.swift in Sources */ = {isa = PBXBuildFile; fileRef = C2E8EFCB2BDE454200868BB3 /* WriteCommentResponse.swift */; };
		C2E8EFCE2BDE458400868BB3 /* CommentRouter.swift in Sources */ = {isa = PBXBuildFile; fileRef = C2E8EFCD2BDE458400868BB3 /* CommentRouter.swift */; };
/* End PBXBuildFile section */

/* Begin PBXFileReference section */
		C20E68982BD685D100507C0B /* PostsTableViewCell.swift */ = {isa = PBXFileReference; lastKnownFileType = sourcecode.swift; path = PostsTableViewCell.swift; sourceTree = "<group>"; };
		C20E689B2BD73D9B00507C0B /* DateFormatManager.swift */ = {isa = PBXFileReference; lastKnownFileType = sourcecode.swift; path = DateFormatManager.swift; sourceTree = "<group>"; };
		C20E68AF2BD7C51A00507C0B /* RefreshToken.swift */ = {isa = PBXFileReference; lastKnownFileType = sourcecode.swift; path = RefreshToken.swift; sourceTree = "<group>"; };
		C20E68B12BD80D5A00507C0B /* ImageUploadRequestBody.swift */ = {isa = PBXFileReference; lastKnownFileType = sourcecode.swift; path = ImageUploadRequestBody.swift; sourceTree = "<group>"; };
		C20E68B42BD8FC9A00507C0B /* MyProfileView.swift */ = {isa = PBXFileReference; lastKnownFileType = sourcecode.swift; path = MyProfileView.swift; sourceTree = "<group>"; };
		C20E68B62BD8FF2100507C0B /* MyProfileViewController.swift */ = {isa = PBXFileReference; lastKnownFileType = sourcecode.swift; path = MyProfileViewController.swift; sourceTree = "<group>"; };
		C20E68B82BD9001C00507C0B /* ProfileRouter.swift */ = {isa = PBXFileReference; lastKnownFileType = sourcecode.swift; path = ProfileRouter.swift; sourceTree = "<group>"; };
		C20E68BC2BD91C5F00507C0B /* MyProfileResponse.swift */ = {isa = PBXFileReference; lastKnownFileType = sourcecode.swift; path = MyProfileResponse.swift; sourceTree = "<group>"; };
		C20E68BF2BD9512200507C0B /* UITextView.swift */ = {isa = PBXFileReference; lastKnownFileType = sourcecode.swift; path = UITextView.swift; sourceTree = "<group>"; };
		C20E68C12BD953FC00507C0B /* ImageUploadResponse.swift */ = {isa = PBXFileReference; lastKnownFileType = sourcecode.swift; path = ImageUploadResponse.swift; sourceTree = "<group>"; };
		C22003432BE0E02100A95F86 /* messageAnimation.json */ = {isa = PBXFileReference; fileEncoding = 4; lastKnownFileType = text.json; path = messageAnimation.json; sourceTree = "<group>"; };
		C22003472BE0F13600A95F86 /* PopupViewController.swift */ = {isa = PBXFileReference; lastKnownFileType = sourcecode.swift; path = PopupViewController.swift; sourceTree = "<group>"; };
		C22003492BE0F15400A95F86 /* PopupView.swift */ = {isa = PBXFileReference; lastKnownFileType = sourcecode.swift; path = PopupView.swift; sourceTree = "<group>"; };
		C220034D2BE1308C00A95F86 /* CommentCollectionViewCell.swift */ = {isa = PBXFileReference; lastKnownFileType = sourcecode.swift; path = CommentCollectionViewCell.swift; sourceTree = "<group>"; };
		C220034F2BE1309400A95F86 /* BaseCollectionViewCell.swift */ = {isa = PBXFileReference; lastKnownFileType = sourcecode.swift; path = BaseCollectionViewCell.swift; sourceTree = "<group>"; };
		C23AFE742BC6CE820000EBE5 /* WaveEcho.app */ = {isa = PBXFileReference; explicitFileType = wrapper.application; includeInIndex = 0; path = WaveEcho.app; sourceTree = BUILT_PRODUCTS_DIR; };
		C23AFE772BC6CE820000EBE5 /* AppDelegate.swift */ = {isa = PBXFileReference; lastKnownFileType = sourcecode.swift; path = AppDelegate.swift; sourceTree = "<group>"; };
		C23AFE792BC6CE820000EBE5 /* SceneDelegate.swift */ = {isa = PBXFileReference; lastKnownFileType = sourcecode.swift; path = SceneDelegate.swift; sourceTree = "<group>"; };
		C23AFE7B2BC6CE820000EBE5 /* ViewController.swift */ = {isa = PBXFileReference; lastKnownFileType = sourcecode.swift; path = ViewController.swift; sourceTree = "<group>"; };
		C23AFE7E2BC6CE820000EBE5 /* Base */ = {isa = PBXFileReference; lastKnownFileType = file.storyboard; name = Base; path = Base.lproj/Main.storyboard; sourceTree = "<group>"; };
		C23AFE802BC6CE840000EBE5 /* Assets.xcassets */ = {isa = PBXFileReference; lastKnownFileType = folder.assetcatalog; path = Assets.xcassets; sourceTree = "<group>"; };
		C23AFE832BC6CE840000EBE5 /* Base */ = {isa = PBXFileReference; lastKnownFileType = file.storyboard; name = Base; path = Base.lproj/LaunchScreen.storyboard; sourceTree = "<group>"; };
		C23AFE852BC6CE840000EBE5 /* Info.plist */ = {isa = PBXFileReference; lastKnownFileType = text.plist.xml; path = Info.plist; sourceTree = "<group>"; };
		C23AFEA02BC6D2380000EBE5 /* TargetType.swift */ = {isa = PBXFileReference; lastKnownFileType = sourcecode.swift; path = TargetType.swift; sourceTree = "<group>"; };
		C23AFEA62BC6DBDB0000EBE5 /* .gitignore */ = {isa = PBXFileReference; lastKnownFileType = text; path = .gitignore; sourceTree = "<group>"; };
		C23AFEA82BC6DC2B0000EBE5 /* APIKey.swift */ = {isa = PBXFileReference; lastKnownFileType = sourcecode.swift; path = APIKey.swift; sourceTree = "<group>"; };
		C23AFEAA2BC6DD430000EBE5 /* HTTPHeader.swift */ = {isa = PBXFileReference; lastKnownFileType = sourcecode.swift; path = HTTPHeader.swift; sourceTree = "<group>"; };
		C23AFEAF2BC6E1D50000EBE5 /* BaseViewController.swift */ = {isa = PBXFileReference; lastKnownFileType = sourcecode.swift; path = BaseViewController.swift; sourceTree = "<group>"; };
		C23AFEB22BC6E2660000EBE5 /* ViewModelType.swift */ = {isa = PBXFileReference; lastKnownFileType = sourcecode.swift; path = ViewModelType.swift; sourceTree = "<group>"; };
		C23D33C42BDE799C00F81AB4 /* UIViewController+Extension.swift */ = {isa = PBXFileReference; lastKnownFileType = sourcecode.swift; path = "UIViewController+Extension.swift"; sourceTree = "<group>"; };
		C23D33CE2BDE983700F81AB4 /* EditMyProfileRequestBody.swift */ = {isa = PBXFileReference; lastKnownFileType = sourcecode.swift; path = EditMyProfileRequestBody.swift; sourceTree = "<group>"; };
		C23D33D02BDE985C00F81AB4 /* EditMyProfileResponse.swift */ = {isa = PBXFileReference; lastKnownFileType = sourcecode.swift; path = EditMyProfileResponse.swift; sourceTree = "<group>"; };
		C23D33D32BDEA00100F81AB4 /* EditProfileView.swift */ = {isa = PBXFileReference; lastKnownFileType = sourcecode.swift; path = EditProfileView.swift; sourceTree = "<group>"; };
		C23D33D52BDEA07900F81AB4 /* EditProfileViewController.swift */ = {isa = PBXFileReference; lastKnownFileType = sourcecode.swift; path = EditProfileViewController.swift; sourceTree = "<group>"; };
		C23D33D92BDEA30100F81AB4 /* EditProfileViewModel.swift */ = {isa = PBXFileReference; lastKnownFileType = sourcecode.swift; path = EditProfileViewModel.swift; sourceTree = "<group>"; };
		C23D33DB2BDEC7C900F81AB4 /* KingFisherImage.swift */ = {isa = PBXFileReference; lastKnownFileType = sourcecode.swift; path = KingFisherImage.swift; sourceTree = "<group>"; };
		C269AF0B2BE1F62A00BB6E20 /* ReplyViewController.swift */ = {isa = PBXFileReference; lastKnownFileType = sourcecode.swift; path = ReplyViewController.swift; sourceTree = "<group>"; };
		C269AF0D2BE1F96E00BB6E20 /* ReplyView.swift */ = {isa = PBXFileReference; lastKnownFileType = sourcecode.swift; path = ReplyView.swift; sourceTree = "<group>"; };
		C269AF0F2BE206D000BB6E20 /* ReplyViewModel.swift */ = {isa = PBXFileReference; lastKnownFileType = sourcecode.swift; path = ReplyViewModel.swift; sourceTree = "<group>"; };
		C269AF152BE2248400BB6E20 /* MyPostView.swift */ = {isa = PBXFileReference; lastKnownFileType = sourcecode.swift; path = MyPostView.swift; sourceTree = "<group>"; };
		C269AF172BE224EC00BB6E20 /* MyPostViewController.swift */ = {isa = PBXFileReference; lastKnownFileType = sourcecode.swift; path = MyPostViewController.swift; sourceTree = "<group>"; };
		C269AF192BE2265B00BB6E20 /* MyPostTableViewCell.swift */ = {isa = PBXFileReference; lastKnownFileType = sourcecode.swift; path = MyPostTableViewCell.swift; sourceTree = "<group>"; };
		C269AF1F2BE2813800BB6E20 /* MyPostViewModel.swift */ = {isa = PBXFileReference; lastKnownFileType = sourcecode.swift; path = MyPostViewModel.swift; sourceTree = "<group>"; };
		C269AF272BE37B5D00BB6E20 /* AfterMyProfileView.swift */ = {isa = PBXFileReference; lastKnownFileType = sourcecode.swift; path = AfterMyProfileView.swift; sourceTree = "<group>"; };
		C269AF292BE37BA700BB6E20 /* AfterMyProfileViewController.swift */ = {isa = PBXFileReference; lastKnownFileType = sourcecode.swift; path = AfterMyProfileViewController.swift; sourceTree = "<group>"; };
		C269AF6F2BE3E51E00BB6E20 /* UIColor+Extension.swift */ = {isa = PBXFileReference; lastKnownFileType = sourcecode.swift; path = "UIColor+Extension.swift"; sourceTree = "<group>"; };
		C269AF7A2BE6153100BB6E20 /* UserDefaultsManager.swift */ = {isa = PBXFileReference; lastKnownFileType = sourcecode.swift; path = UserDefaultsManager.swift; sourceTree = "<group>"; };
		C27A06822BE0DA240010D382 /* wavesAnimation.json */ = {isa = PBXFileReference; fileEncoding = 4; lastKnownFileType = text.json; path = wavesAnimation.json; sourceTree = "<group>"; };
		C27E533F2BCE6F810037E1A5 /* PostsView.swift */ = {isa = PBXFileReference; lastKnownFileType = sourcecode.swift; path = PostsView.swift; sourceTree = "<group>"; };
		C27E53412BCE71B00037E1A5 /* PostsViewController.swift */ = {isa = PBXFileReference; lastKnownFileType = sourcecode.swift; path = PostsViewController.swift; sourceTree = "<group>"; };
		C27E53442BCE774A0037E1A5 /* WritePostView.swift */ = {isa = PBXFileReference; lastKnownFileType = sourcecode.swift; path = WritePostView.swift; sourceTree = "<group>"; };
		C27E53462BCE780C0037E1A5 /* WritePostViewController.swift */ = {isa = PBXFileReference; lastKnownFileType = sourcecode.swift; path = WritePostViewController.swift; sourceTree = "<group>"; };
		C27E53482BCE8DE40037E1A5 /* WritePostViewModel.swift */ = {isa = PBXFileReference; lastKnownFileType = sourcecode.swift; path = WritePostViewModel.swift; sourceTree = "<group>"; };
		C27E534B2BCE8E840037E1A5 /* WritePostsRequestBody.swift */ = {isa = PBXFileReference; lastKnownFileType = sourcecode.swift; path = WritePostsRequestBody.swift; sourceTree = "<group>"; };
		C2CDC2A42BD1023800176723 /* PostsRouter.swift */ = {isa = PBXFileReference; lastKnownFileType = sourcecode.swift; path = PostsRouter.swift; sourceTree = "<group>"; };
		C2CDC2A62BD1062C00176723 /* WithdrawResponse.swift */ = {isa = PBXFileReference; lastKnownFileType = sourcecode.swift; path = WithdrawResponse.swift; sourceTree = "<group>"; };
		C2CDC2A82BD107A900176723 /* PostsViewModel.swift */ = {isa = PBXFileReference; lastKnownFileType = sourcecode.swift; path = PostsViewModel.swift; sourceTree = "<group>"; };
		C2CDC2C92BD36F9E00176723 /* APIError.swift */ = {isa = PBXFileReference; lastKnownFileType = sourcecode.swift; path = APIError.swift; sourceTree = "<group>"; };
		C2CDC2CB2BD4C63B00176723 /* PostResponse.swift */ = {isa = PBXFileReference; lastKnownFileType = sourcecode.swift; path = PostResponse.swift; sourceTree = "<group>"; };
		C2CDC2D02BD4FDF000176723 /* PostQueryString.swift */ = {isa = PBXFileReference; lastKnownFileType = sourcecode.swift; path = PostQueryString.swift; sourceTree = "<group>"; };
		C2CDC2E12BD6299400176723 /* BaseTableViewCell.swift */ = {isa = PBXFileReference; lastKnownFileType = sourcecode.swift; path = BaseTableViewCell.swift; sourceTree = "<group>"; };
		C2CDC2E32BD62EFC00176723 /* APIManager.swift */ = {isa = PBXFileReference; lastKnownFileType = sourcecode.swift; path = APIManager.swift; sourceTree = "<group>"; };
		C2DC2BE62BCD20C100A1D102 /* SignupView.swift */ = {isa = PBXFileReference; fileEncoding = 4; lastKnownFileType = sourcecode.swift; path = SignupView.swift; sourceTree = "<group>"; };
		C2DC2BE72BCD20C100A1D102 /* SignupViewController.swift */ = {isa = PBXFileReference; fileEncoding = 4; lastKnownFileType = sourcecode.swift; path = SignupViewController.swift; sourceTree = "<group>"; };
		C2DC2BE82BCD20C100A1D102 /* SignupViewModel.swift */ = {isa = PBXFileReference; fileEncoding = 4; lastKnownFileType = sourcecode.swift; path = SignupViewModel.swift; sourceTree = "<group>"; };
		C2DC2BEB2BCD20C100A1D102 /* WelcomeView.swift */ = {isa = PBXFileReference; fileEncoding = 4; lastKnownFileType = sourcecode.swift; path = WelcomeView.swift; sourceTree = "<group>"; };
		C2DC2BEC2BCD20C100A1D102 /* WelcomeViewController.swift */ = {isa = PBXFileReference; fileEncoding = 4; lastKnownFileType = sourcecode.swift; path = WelcomeViewController.swift; sourceTree = "<group>"; };
		C2DC2BF82BCD217800A1D102 /* LoginRequestBody.swift */ = {isa = PBXFileReference; fileEncoding = 4; lastKnownFileType = sourcecode.swift; path = LoginRequestBody.swift; sourceTree = "<group>"; };
		C2DC2BF92BCD217800A1D102 /* SignupRequestBody.swift */ = {isa = PBXFileReference; fileEncoding = 4; lastKnownFileType = sourcecode.swift; path = SignupRequestBody.swift; sourceTree = "<group>"; };
		C2DC2BFB2BCD217800A1D102 /* RequestHeader.swift */ = {isa = PBXFileReference; fileEncoding = 4; lastKnownFileType = sourcecode.swift; path = RequestHeader.swift; sourceTree = "<group>"; };
		C2DC2BFD2BCD217800A1D102 /* SignupResponse.swift */ = {isa = PBXFileReference; fileEncoding = 4; lastKnownFileType = sourcecode.swift; path = SignupResponse.swift; sourceTree = "<group>"; };
		C2DC2BFE2BCD217800A1D102 /* LoginResponse.swift */ = {isa = PBXFileReference; fileEncoding = 4; lastKnownFileType = sourcecode.swift; path = LoginResponse.swift; sourceTree = "<group>"; };
		C2DC2C002BCD217800A1D102 /* UsersRouter.swift */ = {isa = PBXFileReference; fileEncoding = 4; lastKnownFileType = sourcecode.swift; path = UsersRouter.swift; sourceTree = "<group>"; };
		C2DC2C082BCD21BC00A1D102 /* BaseView.swift */ = {isa = PBXFileReference; fileEncoding = 4; lastKnownFileType = sourcecode.swift; path = BaseView.swift; sourceTree = "<group>"; };
		C2DC2C0B2BCD2A8700A1D102 /* LoginView.swift */ = {isa = PBXFileReference; lastKnownFileType = sourcecode.swift; path = LoginView.swift; sourceTree = "<group>"; };
		C2DC2C0D2BCD2DB700A1D102 /* LoginViewController.swift */ = {isa = PBXFileReference; lastKnownFileType = sourcecode.swift; path = LoginViewController.swift; sourceTree = "<group>"; };
		C2DC2C0F2BCD35E100A1D102 /* LoginViewModel.swift */ = {isa = PBXFileReference; lastKnownFileType = sourcecode.swift; path = LoginViewModel.swift; sourceTree = "<group>"; };
		C2DC2C112BCD53CD00A1D102 /* ValidEmailRequestBody.swift */ = {isa = PBXFileReference; lastKnownFileType = sourcecode.swift; path = ValidEmailRequestBody.swift; sourceTree = "<group>"; };
		C2DC2C132BCD548E00A1D102 /* ValidEmailResponse.swift */ = {isa = PBXFileReference; lastKnownFileType = sourcecode.swift; path = ValidEmailResponse.swift; sourceTree = "<group>"; };
		C2DC2C162BCD5AEE00A1D102 /* RefreshTokenResponse.swift */ = {isa = PBXFileReference; lastKnownFileType = sourcecode.swift; path = RefreshTokenResponse.swift; sourceTree = "<group>"; };
		C2E8EFC82BDE451100868BB3 /* WriteCommentRequestBody.swift */ = {isa = PBXFileReference; lastKnownFileType = sourcecode.swift; path = WriteCommentRequestBody.swift; sourceTree = "<group>"; };
		C2E8EFCB2BDE454200868BB3 /* WriteCommentResponse.swift */ = {isa = PBXFileReference; lastKnownFileType = sourcecode.swift; path = WriteCommentResponse.swift; sourceTree = "<group>"; };
		C2E8EFCD2BDE458400868BB3 /* CommentRouter.swift */ = {isa = PBXFileReference; lastKnownFileType = sourcecode.swift; path = CommentRouter.swift; sourceTree = "<group>"; };
/* End PBXFileReference section */

/* Begin PBXFrameworksBuildPhase section */
		C23AFE712BC6CE820000EBE5 /* Frameworks */ = {
			isa = PBXFrameworksBuildPhase;
			buildActionMask = 2147483647;
			files = (
				C23D33C82BDE8D9800F81AB4 /* Kingfisher in Frameworks */,
				C269AF132BE21F0D00BB6E20 /* BetterSegmentedControl in Frameworks */,
				C27A067F2BE0D6CF0010D382 /* Lottie in Frameworks */,
				C23AFE932BC6D03F0000EBE5 /* RxCocoa in Frameworks */,
				C23AFE8D2BC6CFF70000EBE5 /* Alamofire in Frameworks */,
				C23AFE952BC6D03F0000EBE5 /* RxSwift in Frameworks */,
				C2CDC2AC2BD133D900176723 /* Toast in Frameworks */,
				C23AFE902BC6D01C0000EBE5 /* SnapKit in Frameworks */,
			);
			runOnlyForDeploymentPostprocessing = 0;
		};
/* End PBXFrameworksBuildPhase section */

/* Begin PBXGroup section */
		C20E689A2BD73D8C00507C0B /* Manager */ = {
			isa = PBXGroup;
			children = (
				C20E689B2BD73D9B00507C0B /* DateFormatManager.swift */,
				C269AF7A2BE6153100BB6E20 /* UserDefaultsManager.swift */,
			);
			path = Manager;
			sourceTree = "<group>";
		};
		C20E68B32BD8FC8400507C0B /* Profile */ = {
			isa = PBXGroup;
			children = (
				C20E68B42BD8FC9A00507C0B /* MyProfileView.swift */,
				C20E68B62BD8FF2100507C0B /* MyProfileViewController.swift */,
				C269AF272BE37B5D00BB6E20 /* AfterMyProfileView.swift */,
				C269AF292BE37BA700BB6E20 /* AfterMyProfileViewController.swift */,
			);
			path = Profile;
			sourceTree = "<group>";
		};
		C20E68BB2BD91C4A00507C0B /* Profile */ = {
			isa = PBXGroup;
			children = (
				C20E68BC2BD91C5F00507C0B /* MyProfileResponse.swift */,
				C23D33D02BDE985C00F81AB4 /* EditMyProfileResponse.swift */,
			);
			path = Profile;
			sourceTree = "<group>";
		};
		C20E68BE2BD9511800507C0B /* Extension */ = {
			isa = PBXGroup;
			children = (
				C20E68BF2BD9512200507C0B /* UITextView.swift */,
				C23D33C42BDE799C00F81AB4 /* UIViewController+Extension.swift */,
				C269AF6F2BE3E51E00BB6E20 /* UIColor+Extension.swift */,
			);
			path = Extension;
			sourceTree = "<group>";
		};
		C23AFE6B2BC6CE820000EBE5 = {
			isa = PBXGroup;
			children = (
				C23AFEA62BC6DBDB0000EBE5 /* .gitignore */,
				C23AFE762BC6CE820000EBE5 /* WaveEcho */,
				C23AFE752BC6CE820000EBE5 /* Products */,
			);
			sourceTree = "<group>";
		};
		C23AFE752BC6CE820000EBE5 /* Products */ = {
			isa = PBXGroup;
			children = (
				C23AFE742BC6CE820000EBE5 /* WaveEcho.app */,
			);
			name = Products;
			sourceTree = "<group>";
		};
		C23AFE762BC6CE820000EBE5 /* WaveEcho */ = {
			isa = PBXGroup;
			children = (
				C269AF242BE377DE00BB6E20 /* LottieFiles */,
				C20E68BE2BD9511800507C0B /* Extension */,
				C20E689A2BD73D8C00507C0B /* Manager */,
				C2DC2BEE2BCD20C100A1D102 /* Presentation */,
				C23AFEB12BC6E24F0000EBE5 /* Protocol */,
				C23AFEAC2BC6E1A90000EBE5 /* Base */,
				C23AFE962BC6D0BC0000EBE5 /* Network */,
				C23AFE772BC6CE820000EBE5 /* AppDelegate.swift */,
				C23AFE792BC6CE820000EBE5 /* SceneDelegate.swift */,
				C23AFE7B2BC6CE820000EBE5 /* ViewController.swift */,
				C23AFE7D2BC6CE820000EBE5 /* Main.storyboard */,
				C23AFE802BC6CE840000EBE5 /* Assets.xcassets */,
				C23AFE822BC6CE840000EBE5 /* LaunchScreen.storyboard */,
				C23AFE852BC6CE840000EBE5 /* Info.plist */,
			);
			path = WaveEcho;
			sourceTree = "<group>";
		};
		C23AFE962BC6D0BC0000EBE5 /* Network */ = {
			isa = PBXGroup;
			children = (
				C23AFEA02BC6D2380000EBE5 /* TargetType.swift */,
				C23AFEA82BC6DC2B0000EBE5 /* APIKey.swift */,
				C23AFEAA2BC6DD430000EBE5 /* HTTPHeader.swift */,
				C2CDC2C92BD36F9E00176723 /* APIError.swift */,
				C2CDC2E32BD62EFC00176723 /* APIManager.swift */,
				C20E68AF2BD7C51A00507C0B /* RefreshToken.swift */,
				C269AF232BE2A2FA00BB6E20 /* Router */,
				C2DC2BFC2BCD217800A1D102 /* Request */,
				C2DC2C012BCD217800A1D102 /* Response */,
			);
			path = Network;
			sourceTree = "<group>";
		};
		C23AFEAC2BC6E1A90000EBE5 /* Base */ = {
			isa = PBXGroup;
			children = (
				C2DC2C082BCD21BC00A1D102 /* BaseView.swift */,
				C23AFEAF2BC6E1D50000EBE5 /* BaseViewController.swift */,
				C2CDC2E12BD6299400176723 /* BaseTableViewCell.swift */,
				C220034F2BE1309400A95F86 /* BaseCollectionViewCell.swift */,
			);
			path = Base;
			sourceTree = "<group>";
		};
		C23AFEB12BC6E24F0000EBE5 /* Protocol */ = {
			isa = PBXGroup;
			children = (
				C23AFEB22BC6E2660000EBE5 /* ViewModelType.swift */,
			);
			path = Protocol;
			sourceTree = "<group>";
		};
		C23D33CD2BDE982900F81AB4 /* Profile */ = {
			isa = PBXGroup;
			children = (
				C23D33CE2BDE983700F81AB4 /* EditMyProfileRequestBody.swift */,
			);
			path = Profile;
			sourceTree = "<group>";
		};
		C23D33D22BDE9FCF00F81AB4 /* ProfileEdit */ = {
			isa = PBXGroup;
			children = (
				C23D33D32BDEA00100F81AB4 /* EditProfileView.swift */,
				C23D33D52BDEA07900F81AB4 /* EditProfileViewController.swift */,
				C23D33D92BDEA30100F81AB4 /* EditProfileViewModel.swift */,
			);
			path = ProfileEdit;
			sourceTree = "<group>";
		};
		C25D9F112BDCC1ED00012307 /* PostDetail */ = {
			isa = PBXGroup;
			children = (
				C22003492BE0F15400A95F86 /* PopupView.swift */,
				C22003472BE0F13600A95F86 /* PopupViewController.swift */,
				C220034D2BE1308C00A95F86 /* CommentCollectionViewCell.swift */,
			);
			path = PostDetail;
			sourceTree = "<group>";
		};
		C269AF0A2BE1F59900BB6E20 /* PostReply */ = {
			isa = PBXGroup;
			children = (
				C269AF0D2BE1F96E00BB6E20 /* ReplyView.swift */,
				C269AF0B2BE1F62A00BB6E20 /* ReplyViewController.swift */,
				C269AF0F2BE206D000BB6E20 /* ReplyViewModel.swift */,
			);
			path = PostReply;
			sourceTree = "<group>";
		};
		C269AF142BE223DC00BB6E20 /* MyPost */ = {
			isa = PBXGroup;
			children = (
				C269AF152BE2248400BB6E20 /* MyPostView.swift */,
				C269AF172BE224EC00BB6E20 /* MyPostViewController.swift */,
				C269AF1F2BE2813800BB6E20 /* MyPostViewModel.swift */,
				C269AF192BE2265B00BB6E20 /* MyPostTableViewCell.swift */,
			);
			path = MyPost;
			sourceTree = "<group>";
		};
		C269AF1D2BE255F000BB6E20 /* PostAll */ = {
			isa = PBXGroup;
			children = (
				C27E533F2BCE6F810037E1A5 /* PostsView.swift */,
				C27E53412BCE71B00037E1A5 /* PostsViewController.swift */,
				C2CDC2A82BD107A900176723 /* PostsViewModel.swift */,
				C20E68982BD685D100507C0B /* PostsTableViewCell.swift */,
			);
			path = PostAll;
			sourceTree = "<group>";
		};
		C269AF212BE2836000BB6E20 /* Join */ = {
			isa = PBXGroup;
			children = (
				C2DC2BE62BCD20C100A1D102 /* SignupView.swift */,
				C2DC2BE72BCD20C100A1D102 /* SignupViewController.swift */,
				C2DC2BE82BCD20C100A1D102 /* SignupViewModel.swift */,
			);
			path = Join;
			sourceTree = "<group>";
		};
		C269AF222BE2837E00BB6E20 /* Login */ = {
			isa = PBXGroup;
			children = (
				C2DC2C0B2BCD2A8700A1D102 /* LoginView.swift */,
				C2DC2C0D2BCD2DB700A1D102 /* LoginViewController.swift */,
				C2DC2C0F2BCD35E100A1D102 /* LoginViewModel.swift */,
			);
			path = Login;
			sourceTree = "<group>";
		};
		C269AF232BE2A2FA00BB6E20 /* Router */ = {
			isa = PBXGroup;
			children = (
				C2DC2C002BCD217800A1D102 /* UsersRouter.swift */,
				C2CDC2A42BD1023800176723 /* PostsRouter.swift */,
				C20E68B82BD9001C00507C0B /* ProfileRouter.swift */,
				C2E8EFCD2BDE458400868BB3 /* CommentRouter.swift */,
			);
			path = Router;
			sourceTree = "<group>";
		};
		C269AF242BE377DE00BB6E20 /* LottieFiles */ = {
			isa = PBXGroup;
			children = (
				C22003432BE0E02100A95F86 /* messageAnimation.json */,
				C27A06822BE0DA240010D382 /* wavesAnimation.json */,
			);
			path = LottieFiles;
			sourceTree = "<group>";
		};
		C27E53432BCE77390037E1A5 /* PostWrite */ = {
			isa = PBXGroup;
			children = (
				C27E53442BCE774A0037E1A5 /* WritePostView.swift */,
				C27E53462BCE780C0037E1A5 /* WritePostViewController.swift */,
				C27E53482BCE8DE40037E1A5 /* WritePostViewModel.swift */,
			);
			path = PostWrite;
			sourceTree = "<group>";
		};
		C27E534A2BCE8E730037E1A5 /* Posts */ = {
			isa = PBXGroup;
			children = (
				C27E534B2BCE8E840037E1A5 /* WritePostsRequestBody.swift */,
				C20E68B12BD80D5A00507C0B /* ImageUploadRequestBody.swift */,
				C23D33DB2BDEC7C900F81AB4 /* KingFisherImage.swift */,
				C2CDC2CF2BD4FDE400176723 /* QueryString */,
			);
			path = Posts;
			sourceTree = "<group>";
		};
		C27E534D2BCE8F730037E1A5 /* Posts */ = {
			isa = PBXGroup;
			children = (
				C2CDC2CB2BD4C63B00176723 /* PostResponse.swift */,
				C20E68C12BD953FC00507C0B /* ImageUploadResponse.swift */,
			);
			path = Posts;
			sourceTree = "<group>";
		};
		C2CDC2CF2BD4FDE400176723 /* QueryString */ = {
			isa = PBXGroup;
			children = (
				C2CDC2D02BD4FDF000176723 /* PostQueryString.swift */,
			);
			path = QueryString;
			sourceTree = "<group>";
		};
		C2DC2BED2BCD20C100A1D102 /* Welcome */ = {
			isa = PBXGroup;
			children = (
				C2DC2BEB2BCD20C100A1D102 /* WelcomeView.swift */,
				C2DC2BEC2BCD20C100A1D102 /* WelcomeViewController.swift */,
			);
			path = Welcome;
			sourceTree = "<group>";
		};
		C2DC2BEE2BCD20C100A1D102 /* Presentation */ = {
			isa = PBXGroup;
			children = (
				C2DC2BED2BCD20C100A1D102 /* Welcome */,
				C269AF212BE2836000BB6E20 /* Join */,
				C269AF222BE2837E00BB6E20 /* Login */,
				C2DC2C152BCD5A9000A1D102 /* RefreshToken */,
				C269AF1D2BE255F000BB6E20 /* PostAll */,
				C25D9F112BDCC1ED00012307 /* PostDetail */,
				C27E53432BCE77390037E1A5 /* PostWrite */,
				C269AF0A2BE1F59900BB6E20 /* PostReply */,
				C269AF142BE223DC00BB6E20 /* MyPost */,
				C20E68B32BD8FC8400507C0B /* Profile */,
				C23D33D22BDE9FCF00F81AB4 /* ProfileEdit */,
			);
			path = Presentation;
			sourceTree = "<group>";
		};
		C2DC2BFA2BCD217800A1D102 /* Users */ = {
			isa = PBXGroup;
			children = (
				C2DC2BF92BCD217800A1D102 /* SignupRequestBody.swift */,
				C2DC2C112BCD53CD00A1D102 /* ValidEmailRequestBody.swift */,
				C2DC2BF82BCD217800A1D102 /* LoginRequestBody.swift */,
			);
			path = Users;
			sourceTree = "<group>";
		};
		C2DC2BFC2BCD217800A1D102 /* Request */ = {
			isa = PBXGroup;
			children = (
				C2DC2BFB2BCD217800A1D102 /* RequestHeader.swift */,
				C2DC2BFA2BCD217800A1D102 /* Users */,
				C27E534A2BCE8E730037E1A5 /* Posts */,
				C2E8EFC72BDE44D200868BB3 /* Comment */,
				C23D33CD2BDE982900F81AB4 /* Profile */,
			);
			path = Request;
			sourceTree = "<group>";
		};
		C2DC2BFF2BCD217800A1D102 /* Users */ = {
			isa = PBXGroup;
			children = (
				C2DC2BFD2BCD217800A1D102 /* SignupResponse.swift */,
				C2DC2C132BCD548E00A1D102 /* ValidEmailResponse.swift */,
				C2DC2BFE2BCD217800A1D102 /* LoginResponse.swift */,
				C2DC2C162BCD5AEE00A1D102 /* RefreshTokenResponse.swift */,
				C2CDC2A62BD1062C00176723 /* WithdrawResponse.swift */,
			);
			path = Users;
			sourceTree = "<group>";
		};
		C2DC2C012BCD217800A1D102 /* Response */ = {
			isa = PBXGroup;
			children = (
				C2DC2BFF2BCD217800A1D102 /* Users */,
				C27E534D2BCE8F730037E1A5 /* Posts */,
				C2E8EFCA2BDE452F00868BB3 /* Comment */,
				C20E68BB2BD91C4A00507C0B /* Profile */,
			);
			path = Response;
			sourceTree = "<group>";
		};
		C2DC2C152BCD5A9000A1D102 /* RefreshToken */ = {
			isa = PBXGroup;
			children = (
			);
			path = RefreshToken;
			sourceTree = "<group>";
		};
		C2E8EFC72BDE44D200868BB3 /* Comment */ = {
			isa = PBXGroup;
			children = (
				C2E8EFC82BDE451100868BB3 /* WriteCommentRequestBody.swift */,
			);
			path = Comment;
			sourceTree = "<group>";
		};
		C2E8EFCA2BDE452F00868BB3 /* Comment */ = {
			isa = PBXGroup;
			children = (
				C2E8EFCB2BDE454200868BB3 /* WriteCommentResponse.swift */,
			);
			path = Comment;
			sourceTree = "<group>";
		};
/* End PBXGroup section */

/* Begin PBXNativeTarget section */
		C23AFE732BC6CE820000EBE5 /* WaveEcho */ = {
			isa = PBXNativeTarget;
			buildConfigurationList = C23AFE882BC6CE840000EBE5 /* Build configuration list for PBXNativeTarget "WaveEcho" */;
			buildPhases = (
				C23AFE702BC6CE820000EBE5 /* Sources */,
				C23AFE712BC6CE820000EBE5 /* Frameworks */,
				C23AFE722BC6CE820000EBE5 /* Resources */,
			);
			buildRules = (
			);
			dependencies = (
			);
			name = WaveEcho;
			packageProductDependencies = (
				C23AFE8C2BC6CFF70000EBE5 /* Alamofire */,
				C23AFE8F2BC6D01C0000EBE5 /* SnapKit */,
				C23AFE922BC6D03F0000EBE5 /* RxCocoa */,
				C23AFE942BC6D03F0000EBE5 /* RxSwift */,
				C2CDC2AB2BD133D900176723 /* Toast */,
				C23D33C72BDE8D9800F81AB4 /* Kingfisher */,
				C27A067E2BE0D6CF0010D382 /* Lottie */,
				C269AF122BE21F0D00BB6E20 /* BetterSegmentedControl */,
			);
			productName = WaveEcho;
			productReference = C23AFE742BC6CE820000EBE5 /* WaveEcho.app */;
			productType = "com.apple.product-type.application";
		};
/* End PBXNativeTarget section */

/* Begin PBXProject section */
		C23AFE6C2BC6CE820000EBE5 /* Project object */ = {
			isa = PBXProject;
			attributes = {
				BuildIndependentTargetsInParallel = 1;
				LastSwiftUpdateCheck = 1530;
				LastUpgradeCheck = 1530;
				TargetAttributes = {
					C23AFE732BC6CE820000EBE5 = {
						CreatedOnToolsVersion = 15.3;
					};
				};
			};
			buildConfigurationList = C23AFE6F2BC6CE820000EBE5 /* Build configuration list for PBXProject "WaveEcho" */;
			compatibilityVersion = "Xcode 14.0";
			developmentRegion = en;
			hasScannedForEncodings = 0;
			knownRegions = (
				en,
				Base,
			);
			mainGroup = C23AFE6B2BC6CE820000EBE5;
			packageReferences = (
				C23AFE8B2BC6CFF70000EBE5 /* XCRemoteSwiftPackageReference "Alamofire" */,
				C23AFE8E2BC6D01C0000EBE5 /* XCRemoteSwiftPackageReference "SnapKit" */,
				C23AFE912BC6D03F0000EBE5 /* XCRemoteSwiftPackageReference "RxSwift" */,
				C2CDC2AA2BD133D900176723 /* XCRemoteSwiftPackageReference "Toast-Swift" */,
				C23D33C62BDE8D9800F81AB4 /* XCRemoteSwiftPackageReference "Kingfisher" */,
				C27A067D2BE0D6CF0010D382 /* XCRemoteSwiftPackageReference "lottie-spm" */,
				C269AF112BE21F0D00BB6E20 /* XCRemoteSwiftPackageReference "BetterSegmentedControl" */,
			);
			productRefGroup = C23AFE752BC6CE820000EBE5 /* Products */;
			projectDirPath = "";
			projectRoot = "";
			targets = (
				C23AFE732BC6CE820000EBE5 /* WaveEcho */,
			);
		};
/* End PBXProject section */

/* Begin PBXResourcesBuildPhase section */
		C23AFE722BC6CE820000EBE5 /* Resources */ = {
			isa = PBXResourcesBuildPhase;
			buildActionMask = 2147483647;
			files = (
				C27A06832BE0DA240010D382 /* wavesAnimation.json in Resources */,
				C23AFEA72BC6DBDB0000EBE5 /* .gitignore in Resources */,
				C23AFE812BC6CE840000EBE5 /* Assets.xcassets in Resources */,
				C23AFE842BC6CE840000EBE5 /* Base in Resources */,
				C22003442BE0E02100A95F86 /* messageAnimation.json in Resources */,
				C23AFE7F2BC6CE820000EBE5 /* Base in Resources */,
			);
			runOnlyForDeploymentPostprocessing = 0;
		};
/* End PBXResourcesBuildPhase section */

/* Begin PBXSourcesBuildPhase section */
		C23AFE702BC6CE820000EBE5 /* Sources */ = {
			isa = PBXSourcesBuildPhase;
			buildActionMask = 2147483647;
			files = (
				C20E68B92BD9001C00507C0B /* ProfileRouter.swift in Sources */,
				C2DC2C172BCD5AEE00A1D102 /* RefreshTokenResponse.swift in Sources */,
				C20E68C22BD953FC00507C0B /* ImageUploadResponse.swift in Sources */,
				C23D33D12BDE985C00F81AB4 /* EditMyProfileResponse.swift in Sources */,
				C2DC2C032BCD217800A1D102 /* SignupRequestBody.swift in Sources */,
				C23D33C52BDE799C00F81AB4 /* UIViewController+Extension.swift in Sources */,
				C23D33CF2BDE983700F81AB4 /* EditMyProfileRequestBody.swift in Sources */,
				C269AF0E2BE1F96E00BB6E20 /* ReplyView.swift in Sources */,
				C23AFEA12BC6D2380000EBE5 /* TargetType.swift in Sources */,
				C2DC2C022BCD217800A1D102 /* LoginRequestBody.swift in Sources */,
				C2CDC2E22BD6299400176723 /* BaseTableViewCell.swift in Sources */,
				C269AF7B2BE6153100BB6E20 /* UserDefaultsManager.swift in Sources */,
				C20E68BD2BD91C5F00507C0B /* MyProfileResponse.swift in Sources */,
				C20E68C02BD9512200507C0B /* UITextView.swift in Sources */,
				C269AF702BE3E51E00BB6E20 /* UIColor+Extension.swift in Sources */,
				C2E8EFCE2BDE458400868BB3 /* CommentRouter.swift in Sources */,
				C220034A2BE0F15400A95F86 /* PopupView.swift in Sources */,
				C269AF182BE224EC00BB6E20 /* MyPostViewController.swift in Sources */,
				C2DC2C0E2BCD2DB700A1D102 /* LoginViewController.swift in Sources */,
				C220034E2BE1308C00A95F86 /* CommentCollectionViewCell.swift in Sources */,
				C22003482BE0F13600A95F86 /* PopupViewController.swift in Sources */,
				C269AF282BE37B5D00BB6E20 /* AfterMyProfileView.swift in Sources */,
				C2CDC2E42BD62EFC00176723 /* APIManager.swift in Sources */,
				C2CDC2D12BD4FDF000176723 /* PostQueryString.swift in Sources */,
				C2E8EFC92BDE451100868BB3 /* WriteCommentRequestBody.swift in Sources */,
				C20E68B72BD8FF2100507C0B /* MyProfileViewController.swift in Sources */,
				C27E53422BCE71B00037E1A5 /* PostsViewController.swift in Sources */,
				C2DC2C052BCD217800A1D102 /* SignupResponse.swift in Sources */,
				C23AFEA92BC6DC2B0000EBE5 /* APIKey.swift in Sources */,
				C2DC2C072BCD217800A1D102 /* UsersRouter.swift in Sources */,
				C2DC2C142BCD548E00A1D102 /* ValidEmailResponse.swift in Sources */,
				C23D33DA2BDEA30100F81AB4 /* EditProfileViewModel.swift in Sources */,
				C2CDC2CA2BD36F9E00176723 /* APIError.swift in Sources */,
				C2DC2C042BCD217800A1D102 /* RequestHeader.swift in Sources */,
				C23AFE7C2BC6CE820000EBE5 /* ViewController.swift in Sources */,
				C22003502BE1309400A95F86 /* BaseCollectionViewCell.swift in Sources */,
				C2DC2C0C2BCD2A8700A1D102 /* LoginView.swift in Sources */,
				C23AFEAB2BC6DD430000EBE5 /* HTTPHeader.swift in Sources */,
				C2DC2C092BCD21BC00A1D102 /* BaseView.swift in Sources */,
				C27E53402BCE6F810037E1A5 /* PostsView.swift in Sources */,
				C2CDC2A52BD1023800176723 /* PostsRouter.swift in Sources */,
				C23AFEB02BC6E1D50000EBE5 /* BaseViewController.swift in Sources */,
				C27E53472BCE780C0037E1A5 /* WritePostViewController.swift in Sources */,
				C20E68992BD685D100507C0B /* PostsTableViewCell.swift in Sources */,
				C2DC2BF32BCD20C100A1D102 /* WelcomeViewController.swift in Sources */,
				C2DC2BF02BCD20C100A1D102 /* SignupViewController.swift in Sources */,
				C2DC2BF12BCD20C100A1D102 /* SignupViewModel.swift in Sources */,
				C269AF202BE2813800BB6E20 /* MyPostViewModel.swift in Sources */,
				C23AFE782BC6CE820000EBE5 /* AppDelegate.swift in Sources */,
				C20E68B02BD7C51A00507C0B /* RefreshToken.swift in Sources */,
				C269AF102BE206D000BB6E20 /* ReplyViewModel.swift in Sources */,
				C2CDC2CC2BD4C63B00176723 /* PostResponse.swift in Sources */,
				C2DC2C122BCD53CD00A1D102 /* ValidEmailRequestBody.swift in Sources */,
				C27E53492BCE8DE40037E1A5 /* WritePostViewModel.swift in Sources */,
				C2CDC2A72BD1062C00176723 /* WithdrawResponse.swift in Sources */,
				C20E68B22BD80D5A00507C0B /* ImageUploadRequestBody.swift in Sources */,
				C2DC2C062BCD217800A1D102 /* LoginResponse.swift in Sources */,
				C23AFEB32BC6E2660000EBE5 /* ViewModelType.swift in Sources */,
				C2DC2C102BCD35E100A1D102 /* LoginViewModel.swift in Sources */,
				C2E8EFCC2BDE454200868BB3 /* WriteCommentResponse.swift in Sources */,
				C23D33D42BDEA00100F81AB4 /* EditProfileView.swift in Sources */,
				C269AF2A2BE37BA700BB6E20 /* AfterMyProfileViewController.swift in Sources */,
				C27E53452BCE774A0037E1A5 /* WritePostView.swift in Sources */,
				C2DC2BEF2BCD20C100A1D102 /* SignupView.swift in Sources */,
				C20E68B52BD8FC9A00507C0B /* MyProfileView.swift in Sources */,
				C269AF0C2BE1F62A00BB6E20 /* ReplyViewController.swift in Sources */,
				C2CDC2A92BD107A900176723 /* PostsViewModel.swift in Sources */,
				C20E689C2BD73D9B00507C0B /* DateFormatManager.swift in Sources */,
				C23AFE7A2BC6CE820000EBE5 /* SceneDelegate.swift in Sources */,
				C27E534C2BCE8E840037E1A5 /* WritePostsRequestBody.swift in Sources */,
				C269AF1A2BE2265B00BB6E20 /* MyPostTableViewCell.swift in Sources */,
				C23D33DC2BDEC7C900F81AB4 /* KingFisherImage.swift in Sources */,
				C2DC2BF22BCD20C100A1D102 /* WelcomeView.swift in Sources */,
				C269AF162BE2248400BB6E20 /* MyPostView.swift in Sources */,
				C23D33D62BDEA07900F81AB4 /* EditProfileViewController.swift in Sources */,
			);
			runOnlyForDeploymentPostprocessing = 0;
		};
/* End PBXSourcesBuildPhase section */

/* Begin PBXVariantGroup section */
		C23AFE7D2BC6CE820000EBE5 /* Main.storyboard */ = {
			isa = PBXVariantGroup;
			children = (
				C23AFE7E2BC6CE820000EBE5 /* Base */,
			);
			name = Main.storyboard;
			sourceTree = "<group>";
		};
		C23AFE822BC6CE840000EBE5 /* LaunchScreen.storyboard */ = {
			isa = PBXVariantGroup;
			children = (
				C23AFE832BC6CE840000EBE5 /* Base */,
			);
			name = LaunchScreen.storyboard;
			sourceTree = "<group>";
		};
/* End PBXVariantGroup section */

/* Begin XCBuildConfiguration section */
		C23AFE862BC6CE840000EBE5 /* Debug */ = {
			isa = XCBuildConfiguration;
			buildSettings = {
				ALWAYS_SEARCH_USER_PATHS = NO;
				ASSETCATALOG_COMPILER_GENERATE_SWIFT_ASSET_SYMBOL_EXTENSIONS = YES;
				CLANG_ANALYZER_NONNULL = YES;
				CLANG_ANALYZER_NUMBER_OBJECT_CONVERSION = YES_AGGRESSIVE;
				CLANG_CXX_LANGUAGE_STANDARD = "gnu++20";
				CLANG_ENABLE_MODULES = YES;
				CLANG_ENABLE_OBJC_ARC = YES;
				CLANG_ENABLE_OBJC_WEAK = YES;
				CLANG_WARN_BLOCK_CAPTURE_AUTORELEASING = YES;
				CLANG_WARN_BOOL_CONVERSION = YES;
				CLANG_WARN_COMMA = YES;
				CLANG_WARN_CONSTANT_CONVERSION = YES;
				CLANG_WARN_DEPRECATED_OBJC_IMPLEMENTATIONS = YES;
				CLANG_WARN_DIRECT_OBJC_ISA_USAGE = YES_ERROR;
				CLANG_WARN_DOCUMENTATION_COMMENTS = YES;
				CLANG_WARN_EMPTY_BODY = YES;
				CLANG_WARN_ENUM_CONVERSION = YES;
				CLANG_WARN_INFINITE_RECURSION = YES;
				CLANG_WARN_INT_CONVERSION = YES;
				CLANG_WARN_NON_LITERAL_NULL_CONVERSION = YES;
				CLANG_WARN_OBJC_IMPLICIT_RETAIN_SELF = YES;
				CLANG_WARN_OBJC_LITERAL_CONVERSION = YES;
				CLANG_WARN_OBJC_ROOT_CLASS = YES_ERROR;
				CLANG_WARN_QUOTED_INCLUDE_IN_FRAMEWORK_HEADER = YES;
				CLANG_WARN_RANGE_LOOP_ANALYSIS = YES;
				CLANG_WARN_STRICT_PROTOTYPES = YES;
				CLANG_WARN_SUSPICIOUS_MOVE = YES;
				CLANG_WARN_UNGUARDED_AVAILABILITY = YES_AGGRESSIVE;
				CLANG_WARN_UNREACHABLE_CODE = YES;
				CLANG_WARN__DUPLICATE_METHOD_MATCH = YES;
				COPY_PHASE_STRIP = NO;
				DEBUG_INFORMATION_FORMAT = dwarf;
				ENABLE_STRICT_OBJC_MSGSEND = YES;
				ENABLE_TESTABILITY = YES;
				ENABLE_USER_SCRIPT_SANDBOXING = YES;
				GCC_C_LANGUAGE_STANDARD = gnu17;
				GCC_DYNAMIC_NO_PIC = NO;
				GCC_NO_COMMON_BLOCKS = YES;
				GCC_OPTIMIZATION_LEVEL = 0;
				GCC_PREPROCESSOR_DEFINITIONS = (
					"DEBUG=1",
					"$(inherited)",
				);
				GCC_WARN_64_TO_32_BIT_CONVERSION = YES;
				GCC_WARN_ABOUT_RETURN_TYPE = YES_ERROR;
				GCC_WARN_UNDECLARED_SELECTOR = YES;
				GCC_WARN_UNINITIALIZED_AUTOS = YES_AGGRESSIVE;
				GCC_WARN_UNUSED_FUNCTION = YES;
				GCC_WARN_UNUSED_VARIABLE = YES;
				IPHONEOS_DEPLOYMENT_TARGET = 17.4;
				LOCALIZATION_PREFERS_STRING_CATALOGS = YES;
				MTL_ENABLE_DEBUG_INFO = INCLUDE_SOURCE;
				MTL_FAST_MATH = YES;
				ONLY_ACTIVE_ARCH = YES;
				SDKROOT = iphoneos;
				SWIFT_ACTIVE_COMPILATION_CONDITIONS = "DEBUG $(inherited)";
				SWIFT_OPTIMIZATION_LEVEL = "-Onone";
			};
			name = Debug;
		};
		C23AFE872BC6CE840000EBE5 /* Release */ = {
			isa = XCBuildConfiguration;
			buildSettings = {
				ALWAYS_SEARCH_USER_PATHS = NO;
				ASSETCATALOG_COMPILER_GENERATE_SWIFT_ASSET_SYMBOL_EXTENSIONS = YES;
				CLANG_ANALYZER_NONNULL = YES;
				CLANG_ANALYZER_NUMBER_OBJECT_CONVERSION = YES_AGGRESSIVE;
				CLANG_CXX_LANGUAGE_STANDARD = "gnu++20";
				CLANG_ENABLE_MODULES = YES;
				CLANG_ENABLE_OBJC_ARC = YES;
				CLANG_ENABLE_OBJC_WEAK = YES;
				CLANG_WARN_BLOCK_CAPTURE_AUTORELEASING = YES;
				CLANG_WARN_BOOL_CONVERSION = YES;
				CLANG_WARN_COMMA = YES;
				CLANG_WARN_CONSTANT_CONVERSION = YES;
				CLANG_WARN_DEPRECATED_OBJC_IMPLEMENTATIONS = YES;
				CLANG_WARN_DIRECT_OBJC_ISA_USAGE = YES_ERROR;
				CLANG_WARN_DOCUMENTATION_COMMENTS = YES;
				CLANG_WARN_EMPTY_BODY = YES;
				CLANG_WARN_ENUM_CONVERSION = YES;
				CLANG_WARN_INFINITE_RECURSION = YES;
				CLANG_WARN_INT_CONVERSION = YES;
				CLANG_WARN_NON_LITERAL_NULL_CONVERSION = YES;
				CLANG_WARN_OBJC_IMPLICIT_RETAIN_SELF = YES;
				CLANG_WARN_OBJC_LITERAL_CONVERSION = YES;
				CLANG_WARN_OBJC_ROOT_CLASS = YES_ERROR;
				CLANG_WARN_QUOTED_INCLUDE_IN_FRAMEWORK_HEADER = YES;
				CLANG_WARN_RANGE_LOOP_ANALYSIS = YES;
				CLANG_WARN_STRICT_PROTOTYPES = YES;
				CLANG_WARN_SUSPICIOUS_MOVE = YES;
				CLANG_WARN_UNGUARDED_AVAILABILITY = YES_AGGRESSIVE;
				CLANG_WARN_UNREACHABLE_CODE = YES;
				CLANG_WARN__DUPLICATE_METHOD_MATCH = YES;
				COPY_PHASE_STRIP = NO;
				DEBUG_INFORMATION_FORMAT = "dwarf-with-dsym";
				ENABLE_NS_ASSERTIONS = NO;
				ENABLE_STRICT_OBJC_MSGSEND = YES;
				ENABLE_USER_SCRIPT_SANDBOXING = YES;
				GCC_C_LANGUAGE_STANDARD = gnu17;
				GCC_NO_COMMON_BLOCKS = YES;
				GCC_WARN_64_TO_32_BIT_CONVERSION = YES;
				GCC_WARN_ABOUT_RETURN_TYPE = YES_ERROR;
				GCC_WARN_UNDECLARED_SELECTOR = YES;
				GCC_WARN_UNINITIALIZED_AUTOS = YES_AGGRESSIVE;
				GCC_WARN_UNUSED_FUNCTION = YES;
				GCC_WARN_UNUSED_VARIABLE = YES;
				IPHONEOS_DEPLOYMENT_TARGET = 17.4;
				LOCALIZATION_PREFERS_STRING_CATALOGS = YES;
				MTL_ENABLE_DEBUG_INFO = NO;
				MTL_FAST_MATH = YES;
				SDKROOT = iphoneos;
				SWIFT_COMPILATION_MODE = wholemodule;
				VALIDATE_PRODUCT = YES;
			};
			name = Release;
		};
		C23AFE892BC6CE840000EBE5 /* Debug */ = {
			isa = XCBuildConfiguration;
			buildSettings = {
				ASSETCATALOG_COMPILER_APPICON_NAME = AppIcon;
				ASSETCATALOG_COMPILER_GLOBAL_ACCENT_COLOR_NAME = AccentColor;
				CODE_SIGN_STYLE = Automatic;
				CURRENT_PROJECT_VERSION = 1;
				DEVELOPMENT_TEAM = 8HG96SSK4A;
				GENERATE_INFOPLIST_FILE = YES;
				INFOPLIST_FILE = WaveEcho/Info.plist;
				INFOPLIST_KEY_UIApplicationSupportsIndirectInputEvents = YES;
				INFOPLIST_KEY_UILaunchStoryboardName = LaunchScreen;
				INFOPLIST_KEY_UIMainStoryboardFile = Main;
				INFOPLIST_KEY_UISupportedInterfaceOrientations_iPad = "UIInterfaceOrientationPortrait UIInterfaceOrientationPortraitUpsideDown UIInterfaceOrientationLandscapeLeft UIInterfaceOrientationLandscapeRight";
				INFOPLIST_KEY_UISupportedInterfaceOrientations_iPhone = "UIInterfaceOrientationPortrait UIInterfaceOrientationLandscapeLeft UIInterfaceOrientationLandscapeRight";
				LD_RUNPATH_SEARCH_PATHS = (
					"$(inherited)",
					"@executable_path/Frameworks",
				);
				MARKETING_VERSION = 1.0;
				PRODUCT_BUNDLE_IDENTIFIER = com.cyndi.WaveEcho;
				PRODUCT_NAME = "$(TARGET_NAME)";
				SWIFT_EMIT_LOC_STRINGS = YES;
				SWIFT_VERSION = 5.0;
				TARGETED_DEVICE_FAMILY = "1,2";
			};
			name = Debug;
		};
		C23AFE8A2BC6CE840000EBE5 /* Release */ = {
			isa = XCBuildConfiguration;
			buildSettings = {
				ASSETCATALOG_COMPILER_APPICON_NAME = AppIcon;
				ASSETCATALOG_COMPILER_GLOBAL_ACCENT_COLOR_NAME = AccentColor;
				CODE_SIGN_STYLE = Automatic;
				CURRENT_PROJECT_VERSION = 1;
				DEVELOPMENT_TEAM = 8HG96SSK4A;
				GENERATE_INFOPLIST_FILE = YES;
				INFOPLIST_FILE = WaveEcho/Info.plist;
				INFOPLIST_KEY_UIApplicationSupportsIndirectInputEvents = YES;
				INFOPLIST_KEY_UILaunchStoryboardName = LaunchScreen;
				INFOPLIST_KEY_UIMainStoryboardFile = Main;
				INFOPLIST_KEY_UISupportedInterfaceOrientations_iPad = "UIInterfaceOrientationPortrait UIInterfaceOrientationPortraitUpsideDown UIInterfaceOrientationLandscapeLeft UIInterfaceOrientationLandscapeRight";
				INFOPLIST_KEY_UISupportedInterfaceOrientations_iPhone = "UIInterfaceOrientationPortrait UIInterfaceOrientationLandscapeLeft UIInterfaceOrientationLandscapeRight";
				LD_RUNPATH_SEARCH_PATHS = (
					"$(inherited)",
					"@executable_path/Frameworks",
				);
				MARKETING_VERSION = 1.0;
				PRODUCT_BUNDLE_IDENTIFIER = com.cyndi.WaveEcho;
				PRODUCT_NAME = "$(TARGET_NAME)";
				SWIFT_EMIT_LOC_STRINGS = YES;
				SWIFT_VERSION = 5.0;
				TARGETED_DEVICE_FAMILY = "1,2";
			};
			name = Release;
		};
/* End XCBuildConfiguration section */

/* Begin XCConfigurationList section */
		C23AFE6F2BC6CE820000EBE5 /* Build configuration list for PBXProject "WaveEcho" */ = {
			isa = XCConfigurationList;
			buildConfigurations = (
				C23AFE862BC6CE840000EBE5 /* Debug */,
				C23AFE872BC6CE840000EBE5 /* Release */,
			);
			defaultConfigurationIsVisible = 0;
			defaultConfigurationName = Release;
		};
		C23AFE882BC6CE840000EBE5 /* Build configuration list for PBXNativeTarget "WaveEcho" */ = {
			isa = XCConfigurationList;
			buildConfigurations = (
				C23AFE892BC6CE840000EBE5 /* Debug */,
				C23AFE8A2BC6CE840000EBE5 /* Release */,
			);
			defaultConfigurationIsVisible = 0;
			defaultConfigurationName = Release;
		};
/* End XCConfigurationList section */

/* Begin XCRemoteSwiftPackageReference section */
		C23AFE8B2BC6CFF70000EBE5 /* XCRemoteSwiftPackageReference "Alamofire" */ = {
			isa = XCRemoteSwiftPackageReference;
			repositoryURL = "https://github.com/Alamofire/Alamofire";
			requirement = {
				kind = upToNextMajorVersion;
				minimumVersion = 5.9.1;
			};
		};
		C23AFE8E2BC6D01C0000EBE5 /* XCRemoteSwiftPackageReference "SnapKit" */ = {
			isa = XCRemoteSwiftPackageReference;
			repositoryURL = "https://github.com/SnapKit/SnapKit.git";
			requirement = {
				kind = upToNextMajorVersion;
				minimumVersion = 5.7.1;
			};
		};
		C23AFE912BC6D03F0000EBE5 /* XCRemoteSwiftPackageReference "RxSwift" */ = {
			isa = XCRemoteSwiftPackageReference;
			repositoryURL = "https://github.com/ReactiveX/RxSwift";
			requirement = {
				kind = upToNextMajorVersion;
				minimumVersion = 6.6.0;
			};
		};
		C23D33C62BDE8D9800F81AB4 /* XCRemoteSwiftPackageReference "Kingfisher" */ = {
			isa = XCRemoteSwiftPackageReference;
			repositoryURL = "https://github.com/onevcat/Kingfisher";
			requirement = {
				kind = upToNextMajorVersion;
				minimumVersion = 7.11.0;
			};
		};
		C269AF112BE21F0D00BB6E20 /* XCRemoteSwiftPackageReference "BetterSegmentedControl" */ = {
			isa = XCRemoteSwiftPackageReference;
			repositoryURL = "https://github.com/gmarm/BetterSegmentedControl.git";
			requirement = {
				kind = upToNextMajorVersion;
				minimumVersion = 2.0.1;
			};
		};
		C27A067D2BE0D6CF0010D382 /* XCRemoteSwiftPackageReference "lottie-spm" */ = {
			isa = XCRemoteSwiftPackageReference;
			repositoryURL = "https://github.com/airbnb/lottie-spm.git";
			requirement = {
				kind = upToNextMajorVersion;
				minimumVersion = 4.4.3;
			};
		};
		C2CDC2AA2BD133D900176723 /* XCRemoteSwiftPackageReference "Toast-Swift" */ = {
			isa = XCRemoteSwiftPackageReference;
			repositoryURL = "https://github.com/scalessec/Toast-Swift";
			requirement = {
				kind = upToNextMajorVersion;
				minimumVersion = 5.1.1;
			};
		};
/* End XCRemoteSwiftPackageReference section */

/* Begin XCSwiftPackageProductDependency section */
		C23AFE8C2BC6CFF70000EBE5 /* Alamofire */ = {
			isa = XCSwiftPackageProductDependency;
			package = C23AFE8B2BC6CFF70000EBE5 /* XCRemoteSwiftPackageReference "Alamofire" */;
			productName = Alamofire;
		};
		C23AFE8F2BC6D01C0000EBE5 /* SnapKit */ = {
			isa = XCSwiftPackageProductDependency;
			package = C23AFE8E2BC6D01C0000EBE5 /* XCRemoteSwiftPackageReference "SnapKit" */;
			productName = SnapKit;
		};
		C23AFE922BC6D03F0000EBE5 /* RxCocoa */ = {
			isa = XCSwiftPackageProductDependency;
			package = C23AFE912BC6D03F0000EBE5 /* XCRemoteSwiftPackageReference "RxSwift" */;
			productName = RxCocoa;
		};
		C23AFE942BC6D03F0000EBE5 /* RxSwift */ = {
			isa = XCSwiftPackageProductDependency;
			package = C23AFE912BC6D03F0000EBE5 /* XCRemoteSwiftPackageReference "RxSwift" */;
			productName = RxSwift;
		};
		C23D33C72BDE8D9800F81AB4 /* Kingfisher */ = {
			isa = XCSwiftPackageProductDependency;
			package = C23D33C62BDE8D9800F81AB4 /* XCRemoteSwiftPackageReference "Kingfisher" */;
			productName = Kingfisher;
		};
		C269AF122BE21F0D00BB6E20 /* BetterSegmentedControl */ = {
			isa = XCSwiftPackageProductDependency;
			package = C269AF112BE21F0D00BB6E20 /* XCRemoteSwiftPackageReference "BetterSegmentedControl" */;
			productName = BetterSegmentedControl;
		};
		C27A067E2BE0D6CF0010D382 /* Lottie */ = {
			isa = XCSwiftPackageProductDependency;
			package = C27A067D2BE0D6CF0010D382 /* XCRemoteSwiftPackageReference "lottie-spm" */;
			productName = Lottie;
		};
		C2CDC2AB2BD133D900176723 /* Toast */ = {
			isa = XCSwiftPackageProductDependency;
			package = C2CDC2AA2BD133D900176723 /* XCRemoteSwiftPackageReference "Toast-Swift" */;
			productName = Toast;
		};
/* End XCSwiftPackageProductDependency section */
	};
	rootObject = C23AFE6C2BC6CE820000EBE5 /* Project object */;
}
